// !$*UTF8*$!
{
	archiveVersion = 1;
	classes = {
	};
	objectVersion = 52;
	objects = {

/* Begin PBXBuildFile section */
		D81E7484254A0D1B002336DC /* ContentView.swift in Sources */ = {isa = PBXBuildFile; fileRef = D81E7483254A0D1B002336DC /* ContentView.swift */; };
		D822159B2955C35C0087FBAC /* BookmarksCore in Frameworks */ = {isa = PBXBuildFile; productRef = D822159A2955C35C0087FBAC /* BookmarksCore */; };
		D82BF61E273090FE004978AD /* LogInView.swift in Sources */ = {isa = PBXBuildFile; fileRef = D82BF61D273090FE004978AD /* LogInView.swift */; };
		D82BF6272730A0D0004978AD /* DebugSettingsView.swift in Sources */ = {isa = PBXBuildFile; fileRef = D82BF6262730A0D0004978AD /* DebugSettingsView.swift */; };
		D82DB35F2A23F2750014161E /* TagsView.swift in Sources */ = {isa = PBXBuildFile; fileRef = D82DB35E2A23F2750014161E /* TagsView.swift */; };
		D832EEC724816901004C64E3 /* SettingsView.swift in Sources */ = {isa = PBXBuildFile; fileRef = D832EEC624816901004C64E3 /* SettingsView.swift */; };
		D840327C2732E41D004CD998 /* Sidebar.swift in Sources */ = {isa = PBXBuildFile; fileRef = D840327B2732E41D004CD998 /* Sidebar.swift */; };
		D8478554261539AA00B2318B /* SectionView.swift in Sources */ = {isa = PBXBuildFile; fileRef = D8478553261539AA00B2318B /* SectionView.swift */; };
		D859CE022733A9CD00E9B466 /* EditTagsView.swift in Sources */ = {isa = PBXBuildFile; fileRef = D859CE012733A9CD00E9B466 /* EditTagsView.swift */; };
		D864E47121C93FD200EAB9AD /* libxml2.2.tbd in Frameworks */ = {isa = PBXBuildFile; fileRef = D864E47021C93FD200EAB9AD /* libxml2.2.tbd */; };
		D871B4E5273242ED00712182 /* EditView.swift in Sources */ = {isa = PBXBuildFile; fileRef = D871B4E4273242ED00712182 /* EditView.swift */; };
		D8743909273106C000B676A5 /* Diligence in Frameworks */ = {isa = PBXBuildFile; productRef = D8743908273106C000B676A5 /* Diligence */; };
		D8BDE1182551C56100C95945 /* BookmarksApp.swift in Sources */ = {isa = PBXBuildFile; fileRef = D8BDE1172551C56100C95945 /* BookmarksApp.swift */; };
		D8D3BC0121C6AEBD00D6FB97 /* Assets.xcassets in Resources */ = {isa = PBXBuildFile; fileRef = D8D3BC0021C6AEBD00D6FB97 /* Assets.xcassets */; };
		D8D3BC0421C6AEBD00D6FB97 /* LaunchScreen.storyboard in Resources */ = {isa = PBXBuildFile; fileRef = D8D3BC0221C6AEBD00D6FB97 /* LaunchScreen.storyboard */; };
		D8D3BC0F21C6AEBD00D6FB97 /* BookmarksTests.swift in Sources */ = {isa = PBXBuildFile; fileRef = D8D3BC0E21C6AEBD00D6FB97 /* BookmarksTests.swift */; };
		D8D3BC1A21C6AEBD00D6FB97 /* BookmarksUITests.swift in Sources */ = {isa = PBXBuildFile; fileRef = D8D3BC1921C6AEBD00D6FB97 /* BookmarksUITests.swift */; };
		D8F521382732EEF40031F0CC /* TagActionButton.swift in Sources */ = {isa = PBXBuildFile; fileRef = D8F521372732EEF40031F0CC /* TagActionButton.swift */; };
/* End PBXBuildFile section */

/* Begin PBXContainerItemProxy section */
		D8D3BC0B21C6AEBD00D6FB97 /* PBXContainerItemProxy */ = {
			isa = PBXContainerItemProxy;
			containerPortal = D8D3BBEE21C6AEBC00D6FB97 /* Project object */;
			proxyType = 1;
			remoteGlobalIDString = D8D3BBF521C6AEBC00D6FB97;
			remoteInfo = Stuff;
		};
		D8D3BC1621C6AEBD00D6FB97 /* PBXContainerItemProxy */ = {
			isa = PBXContainerItemProxy;
			containerPortal = D8D3BBEE21C6AEBC00D6FB97 /* Project object */;
			proxyType = 1;
			remoteGlobalIDString = D8D3BBF521C6AEBC00D6FB97;
			remoteInfo = Stuff;
		};
/* End PBXContainerItemProxy section */

/* Begin PBXFileReference section */
		D81E7483254A0D1B002336DC /* ContentView.swift */ = {isa = PBXFileReference; lastKnownFileType = sourcecode.swift; path = ContentView.swift; sourceTree = "<group>"; };
		D82215992955C26E0087FBAC /* core */ = {isa = PBXFileReference; lastKnownFileType = wrapper; name = core; path = ../core; sourceTree = "<group>"; };
		D82BF61D273090FE004978AD /* LogInView.swift */ = {isa = PBXFileReference; lastKnownFileType = sourcecode.swift; path = LogInView.swift; sourceTree = "<group>"; };
		D82BF6262730A0D0004978AD /* DebugSettingsView.swift */ = {isa = PBXFileReference; lastKnownFileType = sourcecode.swift; path = DebugSettingsView.swift; sourceTree = "<group>"; };
		D82DB35E2A23F2750014161E /* TagsView.swift */ = {isa = PBXFileReference; lastKnownFileType = sourcecode.swift; path = TagsView.swift; sourceTree = "<group>"; };
		D832EEC624816901004C64E3 /* SettingsView.swift */ = {isa = PBXFileReference; lastKnownFileType = sourcecode.swift; path = SettingsView.swift; sourceTree = "<group>"; };
		D832EECA2481B6D1004C64E3 /* Bookmarks.entitlements */ = {isa = PBXFileReference; lastKnownFileType = text.plist.entitlements; path = Bookmarks.entitlements; sourceTree = "<group>"; };
		D840327B2732E41D004CD998 /* Sidebar.swift */ = {isa = PBXFileReference; lastKnownFileType = sourcecode.swift; path = Sidebar.swift; sourceTree = "<group>"; };
		D8478553261539AA00B2318B /* SectionView.swift */ = {isa = PBXFileReference; lastKnownFileType = sourcecode.swift; path = SectionView.swift; sourceTree = "<group>"; };
		D84CE47D261E2A1400AF1901 /* BookmarksCore.framework */ = {isa = PBXFileReference; explicitFileType = wrapper.framework; path = BookmarksCore.framework; sourceTree = BUILT_PRODUCTS_DIR; };
		D859CE012733A9CD00E9B466 /* EditTagsView.swift */ = {isa = PBXFileReference; lastKnownFileType = sourcecode.swift; path = EditTagsView.swift; sourceTree = "<group>"; };
		D864E47021C93FD200EAB9AD /* libxml2.2.tbd */ = {isa = PBXFileReference; lastKnownFileType = "sourcecode.text-based-dylib-definition"; name = libxml2.2.tbd; path = usr/lib/libxml2.2.tbd; sourceTree = SDKROOT; };
		D864E47221C9417F00EAB9AD /* Bookmarks-Bridging-Header.h */ = {isa = PBXFileReference; lastKnownFileType = sourcecode.c.h; path = "Bookmarks-Bridging-Header.h"; sourceTree = "<group>"; };
		D871B4E4273242ED00712182 /* EditView.swift */ = {isa = PBXFileReference; lastKnownFileType = sourcecode.swift; path = EditView.swift; sourceTree = "<group>"; };
		D87439072731068C00B676A5 /* diligence */ = {isa = PBXFileReference; lastKnownFileType = folder; name = diligence; path = ../diligence; sourceTree = "<group>"; };
		D89C65E326AF5A8E00D49D11 /* Common.xcconfig */ = {isa = PBXFileReference; fileEncoding = 4; lastKnownFileType = text.xcconfig; path = Common.xcconfig; sourceTree = "<group>"; };
		D89C65E426AF5A8E00D49D11 /* Release.xcconfig */ = {isa = PBXFileReference; fileEncoding = 4; lastKnownFileType = text.xcconfig; path = Release.xcconfig; sourceTree = "<group>"; };
		D89C65E526AF5A8E00D49D11 /* Debug.xcconfig */ = {isa = PBXFileReference; fileEncoding = 4; lastKnownFileType = text.xcconfig; path = Debug.xcconfig; sourceTree = "<group>"; };
		D8BDE1172551C56100C95945 /* BookmarksApp.swift */ = {isa = PBXFileReference; lastKnownFileType = sourcecode.swift; path = BookmarksApp.swift; sourceTree = "<group>"; };
		D8D3BBF621C6AEBC00D6FB97 /* Bookmarks.app */ = {isa = PBXFileReference; explicitFileType = wrapper.application; includeInIndex = 0; path = Bookmarks.app; sourceTree = BUILT_PRODUCTS_DIR; };
		D8D3BC0021C6AEBD00D6FB97 /* Assets.xcassets */ = {isa = PBXFileReference; lastKnownFileType = folder.assetcatalog; path = Assets.xcassets; sourceTree = "<group>"; };
		D8D3BC0321C6AEBD00D6FB97 /* Base */ = {isa = PBXFileReference; lastKnownFileType = file.storyboard; name = Base; path = Base.lproj/LaunchScreen.storyboard; sourceTree = "<group>"; };
		D8D3BC0521C6AEBD00D6FB97 /* Info.plist */ = {isa = PBXFileReference; lastKnownFileType = text.plist.xml; path = Info.plist; sourceTree = "<group>"; };
		D8D3BC0A21C6AEBD00D6FB97 /* BookmarksTests.xctest */ = {isa = PBXFileReference; explicitFileType = wrapper.cfbundle; includeInIndex = 0; path = BookmarksTests.xctest; sourceTree = BUILT_PRODUCTS_DIR; };
		D8D3BC0E21C6AEBD00D6FB97 /* BookmarksTests.swift */ = {isa = PBXFileReference; lastKnownFileType = sourcecode.swift; path = BookmarksTests.swift; sourceTree = "<group>"; };
		D8D3BC1021C6AEBD00D6FB97 /* Info.plist */ = {isa = PBXFileReference; lastKnownFileType = text.plist.xml; path = Info.plist; sourceTree = "<group>"; };
		D8D3BC1521C6AEBD00D6FB97 /* BookmarksUITests.xctest */ = {isa = PBXFileReference; explicitFileType = wrapper.cfbundle; includeInIndex = 0; path = BookmarksUITests.xctest; sourceTree = BUILT_PRODUCTS_DIR; };
		D8D3BC1921C6AEBD00D6FB97 /* BookmarksUITests.swift */ = {isa = PBXFileReference; lastKnownFileType = sourcecode.swift; path = BookmarksUITests.swift; sourceTree = "<group>"; };
		D8D3BC1B21C6AEBD00D6FB97 /* Info.plist */ = {isa = PBXFileReference; lastKnownFileType = text.plist.xml; path = Info.plist; sourceTree = "<group>"; };
		D8F521372732EEF40031F0CC /* TagActionButton.swift */ = {isa = PBXFileReference; lastKnownFileType = sourcecode.swift; path = TagActionButton.swift; sourceTree = "<group>"; };
/* End PBXFileReference section */

/* Begin PBXFrameworksBuildPhase section */
		D8D3BBF321C6AEBC00D6FB97 /* Frameworks */ = {
			isa = PBXFrameworksBuildPhase;
			buildActionMask = 2147483647;
			files = (
				D864E47121C93FD200EAB9AD /* libxml2.2.tbd in Frameworks */,
				D8743909273106C000B676A5 /* Diligence in Frameworks */,
				D822159B2955C35C0087FBAC /* BookmarksCore in Frameworks */,
			);
			runOnlyForDeploymentPostprocessing = 0;
		};
		D8D3BC0721C6AEBD00D6FB97 /* Frameworks */ = {
			isa = PBXFrameworksBuildPhase;
			buildActionMask = 2147483647;
			files = (
			);
			runOnlyForDeploymentPostprocessing = 0;
		};
		D8D3BC1221C6AEBD00D6FB97 /* Frameworks */ = {
			isa = PBXFrameworksBuildPhase;
			buildActionMask = 2147483647;
			files = (
			);
			runOnlyForDeploymentPostprocessing = 0;
		};
/* End PBXFrameworksBuildPhase section */

/* Begin PBXGroup section */
		D8578479254FF56E00AE241C /* Views */ = {
			isa = PBXGroup;
			children = (
				D81E7483254A0D1B002336DC /* ContentView.swift */,
				D82BF6262730A0D0004978AD /* DebugSettingsView.swift */,
				D859CE012733A9CD00E9B466 /* EditTagsView.swift */,
				D871B4E4273242ED00712182 /* EditView.swift */,
				D82BF61D273090FE004978AD /* LogInView.swift */,
				D8478553261539AA00B2318B /* SectionView.swift */,
				D832EEC624816901004C64E3 /* SettingsView.swift */,
				D840327B2732E41D004CD998 /* Sidebar.swift */,
				D8F521372732EEF40031F0CC /* TagActionButton.swift */,
				D82DB35E2A23F2750014161E /* TagsView.swift */,
			);
			path = Views;
			sourceTree = "<group>";
		};
		D864E46F21C93FD200EAB9AD /* Frameworks */ = {
			isa = PBXGroup;
			children = (
				D84CE47D261E2A1400AF1901 /* BookmarksCore.framework */,
				D864E47021C93FD200EAB9AD /* libxml2.2.tbd */,
			);
			name = Frameworks;
			sourceTree = "<group>";
		};
		D87439062731068C00B676A5 /* Packages */ = {
			isa = PBXGroup;
			children = (
				D87439072731068C00B676A5 /* diligence */,
				D82215992955C26E0087FBAC /* core */,
			);
			name = Packages;
			sourceTree = "<group>";
		};
		D8D3BBED21C6AEBC00D6FB97 = {
			isa = PBXGroup;
			children = (
				D87439062731068C00B676A5 /* Packages */,
				D89C65E326AF5A8E00D49D11 /* Common.xcconfig */,
				D89C65E526AF5A8E00D49D11 /* Debug.xcconfig */,
				D89C65E426AF5A8E00D49D11 /* Release.xcconfig */,
				D8D3BBF821C6AEBC00D6FB97 /* Bookmarks */,
				D8D3BC0D21C6AEBD00D6FB97 /* BookmarksTests */,
				D8D3BC1821C6AEBD00D6FB97 /* BookmarksUITests */,
				D8D3BBF721C6AEBC00D6FB97 /* Products */,
				D864E46F21C93FD200EAB9AD /* Frameworks */,
			);
			sourceTree = "<group>";
		};
		D8D3BBF721C6AEBC00D6FB97 /* Products */ = {
			isa = PBXGroup;
			children = (
				D8D3BBF621C6AEBC00D6FB97 /* Bookmarks.app */,
				D8D3BC0A21C6AEBD00D6FB97 /* BookmarksTests.xctest */,
				D8D3BC1521C6AEBD00D6FB97 /* BookmarksUITests.xctest */,
			);
			name = Products;
			sourceTree = "<group>";
		};
		D8D3BBF821C6AEBC00D6FB97 /* Bookmarks */ = {
			isa = PBXGroup;
			children = (
				D832EECA2481B6D1004C64E3 /* Bookmarks.entitlements */,
				D864E47221C9417F00EAB9AD /* Bookmarks-Bridging-Header.h */,
				D8D3BC0521C6AEBD00D6FB97 /* Info.plist */,
				D8BDE1172551C56100C95945 /* BookmarksApp.swift */,
				D8D3BC0021C6AEBD00D6FB97 /* Assets.xcassets */,
				D8D3BC0221C6AEBD00D6FB97 /* LaunchScreen.storyboard */,
				D8578479254FF56E00AE241C /* Views */,
			);
			path = Bookmarks;
			sourceTree = "<group>";
		};
		D8D3BC0D21C6AEBD00D6FB97 /* BookmarksTests */ = {
			isa = PBXGroup;
			children = (
				D8D3BC0E21C6AEBD00D6FB97 /* BookmarksTests.swift */,
				D8D3BC1021C6AEBD00D6FB97 /* Info.plist */,
			);
			path = BookmarksTests;
			sourceTree = "<group>";
		};
		D8D3BC1821C6AEBD00D6FB97 /* BookmarksUITests */ = {
			isa = PBXGroup;
			children = (
				D8D3BC1921C6AEBD00D6FB97 /* BookmarksUITests.swift */,
				D8D3BC1B21C6AEBD00D6FB97 /* Info.plist */,
			);
			path = BookmarksUITests;
			sourceTree = "<group>";
		};
/* End PBXGroup section */

/* Begin PBXNativeTarget section */
		D8D3BBF521C6AEBC00D6FB97 /* Bookmarks */ = {
			isa = PBXNativeTarget;
			buildConfigurationList = D8D3BC1E21C6AEBD00D6FB97 /* Build configuration list for PBXNativeTarget "Bookmarks" */;
			buildPhases = (
				D8D3BBF221C6AEBC00D6FB97 /* Sources */,
				D8D3BBF321C6AEBC00D6FB97 /* Frameworks */,
				D8D3BBF421C6AEBC00D6FB97 /* Resources */,
			);
			buildRules = (
			);
			dependencies = (
			);
			name = Bookmarks;
			packageProductDependencies = (
				D8743908273106C000B676A5 /* Diligence */,
				D822159A2955C35C0087FBAC /* BookmarksCore */,
			);
			productName = Stuff;
			productReference = D8D3BBF621C6AEBC00D6FB97 /* Bookmarks.app */;
			productType = "com.apple.product-type.application";
		};
		D8D3BC0921C6AEBD00D6FB97 /* BookmarksTests */ = {
			isa = PBXNativeTarget;
			buildConfigurationList = D8D3BC2121C6AEBD00D6FB97 /* Build configuration list for PBXNativeTarget "BookmarksTests" */;
			buildPhases = (
				D8D3BC0621C6AEBD00D6FB97 /* Sources */,
				D8D3BC0721C6AEBD00D6FB97 /* Frameworks */,
				D8D3BC0821C6AEBD00D6FB97 /* Resources */,
			);
			buildRules = (
			);
			dependencies = (
				D8D3BC0C21C6AEBD00D6FB97 /* PBXTargetDependency */,
			);
			name = BookmarksTests;
			productName = StuffTests;
			productReference = D8D3BC0A21C6AEBD00D6FB97 /* BookmarksTests.xctest */;
			productType = "com.apple.product-type.bundle.unit-test";
		};
		D8D3BC1421C6AEBD00D6FB97 /* BookmarksUITests */ = {
			isa = PBXNativeTarget;
			buildConfigurationList = D8D3BC2421C6AEBD00D6FB97 /* Build configuration list for PBXNativeTarget "BookmarksUITests" */;
			buildPhases = (
				D8D3BC1121C6AEBD00D6FB97 /* Sources */,
				D8D3BC1221C6AEBD00D6FB97 /* Frameworks */,
				D8D3BC1321C6AEBD00D6FB97 /* Resources */,
			);
			buildRules = (
			);
			dependencies = (
				D8D3BC1721C6AEBD00D6FB97 /* PBXTargetDependency */,
			);
			name = BookmarksUITests;
			productName = StuffUITests;
			productReference = D8D3BC1521C6AEBD00D6FB97 /* BookmarksUITests.xctest */;
			productType = "com.apple.product-type.bundle.ui-testing";
		};
/* End PBXNativeTarget section */

/* Begin PBXProject section */
		D8D3BBEE21C6AEBC00D6FB97 /* Project object */ = {
			isa = PBXProject;
			attributes = {
				LastSwiftUpdateCheck = 1240;
				LastUpgradeCheck = 1310;
				ORGANIZATIONNAME = "InSeven Limited";
				TargetAttributes = {
					D8D3BBF521C6AEBC00D6FB97 = {
						CreatedOnToolsVersion = 10.1;
					};
					D8D3BC0921C6AEBD00D6FB97 = {
						CreatedOnToolsVersion = 10.1;
						LastSwiftMigration = 1240;
						TestTargetID = D8D3BBF521C6AEBC00D6FB97;
					};
					D8D3BC1421C6AEBD00D6FB97 = {
						CreatedOnToolsVersion = 10.1;
						LastSwiftMigration = 1240;
						TestTargetID = D8D3BBF521C6AEBC00D6FB97;
					};
				};
			};
			buildConfigurationList = D8D3BBF121C6AEBC00D6FB97 /* Build configuration list for PBXProject "Bookmarks-iOS" */;
			compatibilityVersion = "Xcode 9.3";
			developmentRegion = en;
			hasScannedForEncodings = 0;
			knownRegions = (
				en,
				Base,
			);
			mainGroup = D8D3BBED21C6AEBC00D6FB97;
			packageReferences = (
			);
			productRefGroup = D8D3BBF721C6AEBC00D6FB97 /* Products */;
			projectDirPath = "";
			projectRoot = "";
			targets = (
				D8D3BBF521C6AEBC00D6FB97 /* Bookmarks */,
				D8D3BC0921C6AEBD00D6FB97 /* BookmarksTests */,
				D8D3BC1421C6AEBD00D6FB97 /* BookmarksUITests */,
			);
		};
/* End PBXProject section */

/* Begin PBXResourcesBuildPhase section */
		D8D3BBF421C6AEBC00D6FB97 /* Resources */ = {
			isa = PBXResourcesBuildPhase;
			buildActionMask = 2147483647;
			files = (
				D8D3BC0421C6AEBD00D6FB97 /* LaunchScreen.storyboard in Resources */,
				D8D3BC0121C6AEBD00D6FB97 /* Assets.xcassets in Resources */,
			);
			runOnlyForDeploymentPostprocessing = 0;
		};
		D8D3BC0821C6AEBD00D6FB97 /* Resources */ = {
			isa = PBXResourcesBuildPhase;
			buildActionMask = 2147483647;
			files = (
			);
			runOnlyForDeploymentPostprocessing = 0;
		};
		D8D3BC1321C6AEBD00D6FB97 /* Resources */ = {
			isa = PBXResourcesBuildPhase;
			buildActionMask = 2147483647;
			files = (
			);
			runOnlyForDeploymentPostprocessing = 0;
		};
/* End PBXResourcesBuildPhase section */

/* Begin PBXSourcesBuildPhase section */
		D8D3BBF221C6AEBC00D6FB97 /* Sources */ = {
			isa = PBXSourcesBuildPhase;
			buildActionMask = 2147483647;
			files = (
				D832EEC724816901004C64E3 /* SettingsView.swift in Sources */,
				D8F521382732EEF40031F0CC /* TagActionButton.swift in Sources */,
				D81E7484254A0D1B002336DC /* ContentView.swift in Sources */,
				D82BF6272730A0D0004978AD /* DebugSettingsView.swift in Sources */,
				D8BDE1182551C56100C95945 /* BookmarksApp.swift in Sources */,
				D8478554261539AA00B2318B /* SectionView.swift in Sources */,
				D859CE022733A9CD00E9B466 /* EditTagsView.swift in Sources */,
				D82BF61E273090FE004978AD /* LogInView.swift in Sources */,
				D840327C2732E41D004CD998 /* Sidebar.swift in Sources */,
				D871B4E5273242ED00712182 /* EditView.swift in Sources */,
				D82DB35F2A23F2750014161E /* TagsView.swift in Sources */,
			);
			runOnlyForDeploymentPostprocessing = 0;
		};
		D8D3BC0621C6AEBD00D6FB97 /* Sources */ = {
			isa = PBXSourcesBuildPhase;
			buildActionMask = 2147483647;
			files = (
				D8D3BC0F21C6AEBD00D6FB97 /* BookmarksTests.swift in Sources */,
			);
			runOnlyForDeploymentPostprocessing = 0;
		};
		D8D3BC1121C6AEBD00D6FB97 /* Sources */ = {
			isa = PBXSourcesBuildPhase;
			buildActionMask = 2147483647;
			files = (
				D8D3BC1A21C6AEBD00D6FB97 /* BookmarksUITests.swift in Sources */,
			);
			runOnlyForDeploymentPostprocessing = 0;
		};
/* End PBXSourcesBuildPhase section */

/* Begin PBXTargetDependency section */
		D8D3BC0C21C6AEBD00D6FB97 /* PBXTargetDependency */ = {
			isa = PBXTargetDependency;
			target = D8D3BBF521C6AEBC00D6FB97 /* Bookmarks */;
			targetProxy = D8D3BC0B21C6AEBD00D6FB97 /* PBXContainerItemProxy */;
		};
		D8D3BC1721C6AEBD00D6FB97 /* PBXTargetDependency */ = {
			isa = PBXTargetDependency;
			target = D8D3BBF521C6AEBC00D6FB97 /* Bookmarks */;
			targetProxy = D8D3BC1621C6AEBD00D6FB97 /* PBXContainerItemProxy */;
		};
/* End PBXTargetDependency section */

/* Begin PBXVariantGroup section */
		D8D3BC0221C6AEBD00D6FB97 /* LaunchScreen.storyboard */ = {
			isa = PBXVariantGroup;
			children = (
				D8D3BC0321C6AEBD00D6FB97 /* Base */,
			);
			name = LaunchScreen.storyboard;
			sourceTree = "<group>";
		};
/* End PBXVariantGroup section */

/* Begin XCBuildConfiguration section */
		D8D3BC1C21C6AEBD00D6FB97 /* Debug */ = {
			isa = XCBuildConfiguration;
			baseConfigurationReference = D89C65E526AF5A8E00D49D11 /* Debug.xcconfig */;
			buildSettings = {
				ALWAYS_SEARCH_USER_PATHS = NO;
				CLANG_ANALYZER_NONNULL = YES;
				CLANG_ANALYZER_NUMBER_OBJECT_CONVERSION = YES_AGGRESSIVE;
				CLANG_CXX_LANGUAGE_STANDARD = "gnu++14";
				CLANG_CXX_LIBRARY = "libc++";
				CLANG_ENABLE_MODULES = YES;
				CLANG_ENABLE_OBJC_ARC = YES;
				CLANG_ENABLE_OBJC_WEAK = YES;
				CLANG_WARN_BLOCK_CAPTURE_AUTORELEASING = YES;
				CLANG_WARN_BOOL_CONVERSION = YES;
				CLANG_WARN_COMMA = YES;
				CLANG_WARN_CONSTANT_CONVERSION = YES;
				CLANG_WARN_DEPRECATED_OBJC_IMPLEMENTATIONS = YES;
				CLANG_WARN_DIRECT_OBJC_ISA_USAGE = YES_ERROR;
				CLANG_WARN_DOCUMENTATION_COMMENTS = YES;
				CLANG_WARN_EMPTY_BODY = YES;
				CLANG_WARN_ENUM_CONVERSION = YES;
				CLANG_WARN_INFINITE_RECURSION = YES;
				CLANG_WARN_INT_CONVERSION = YES;
				CLANG_WARN_NON_LITERAL_NULL_CONVERSION = YES;
				CLANG_WARN_OBJC_IMPLICIT_RETAIN_SELF = YES;
				CLANG_WARN_OBJC_LITERAL_CONVERSION = YES;
				CLANG_WARN_OBJC_ROOT_CLASS = YES_ERROR;
				CLANG_WARN_QUOTED_INCLUDE_IN_FRAMEWORK_HEADER = YES;
				CLANG_WARN_RANGE_LOOP_ANALYSIS = YES;
				CLANG_WARN_STRICT_PROTOTYPES = YES;
				CLANG_WARN_SUSPICIOUS_MOVE = YES;
				CLANG_WARN_UNGUARDED_AVAILABILITY = YES_AGGRESSIVE;
				CLANG_WARN_UNREACHABLE_CODE = YES;
				CLANG_WARN__DUPLICATE_METHOD_MATCH = YES;
				CODE_SIGN_IDENTITY = "iPhone Developer";
				COPY_PHASE_STRIP = NO;
				DEBUG_INFORMATION_FORMAT = dwarf;
				ENABLE_STRICT_OBJC_MSGSEND = YES;
				ENABLE_TESTABILITY = YES;
				GCC_C_LANGUAGE_STANDARD = gnu11;
				GCC_DYNAMIC_NO_PIC = NO;
				GCC_NO_COMMON_BLOCKS = YES;
				GCC_OPTIMIZATION_LEVEL = 0;
				GCC_PREPROCESSOR_DEFINITIONS = (
					"DEBUG=1",
					"$(inherited)",
				);
				GCC_TREAT_WARNINGS_AS_ERRORS = YES;
				GCC_WARN_64_TO_32_BIT_CONVERSION = YES;
				GCC_WARN_ABOUT_RETURN_TYPE = YES_ERROR;
				GCC_WARN_UNDECLARED_SELECTOR = YES;
				GCC_WARN_UNINITIALIZED_AUTOS = YES_AGGRESSIVE;
				GCC_WARN_UNUSED_FUNCTION = YES;
				GCC_WARN_UNUSED_VARIABLE = YES;
				HEADER_SEARCH_PATHS = "$(SDKROOT)/usr/include/libxml2";
				IPHONEOS_DEPLOYMENT_TARGET = 16.0;
				MTL_ENABLE_DEBUG_INFO = INCLUDE_SOURCE;
				MTL_FAST_MATH = YES;
				ONLY_ACTIVE_ARCH = YES;
				SDKROOT = iphoneos;
				SWIFT_ACTIVE_COMPILATION_CONDITIONS = DEBUG;
				SWIFT_OPTIMIZATION_LEVEL = "-Onone";
				SWIFT_TREAT_WARNINGS_AS_ERRORS = YES;
			};
			name = Debug;
		};
		D8D3BC1D21C6AEBD00D6FB97 /* Release */ = {
			isa = XCBuildConfiguration;
			baseConfigurationReference = D89C65E426AF5A8E00D49D11 /* Release.xcconfig */;
			buildSettings = {
				ALWAYS_SEARCH_USER_PATHS = NO;
				CLANG_ANALYZER_NONNULL = YES;
				CLANG_ANALYZER_NUMBER_OBJECT_CONVERSION = YES_AGGRESSIVE;
				CLANG_CXX_LANGUAGE_STANDARD = "gnu++14";
				CLANG_CXX_LIBRARY = "libc++";
				CLANG_ENABLE_MODULES = YES;
				CLANG_ENABLE_OBJC_ARC = YES;
				CLANG_ENABLE_OBJC_WEAK = YES;
				CLANG_WARN_BLOCK_CAPTURE_AUTORELEASING = YES;
				CLANG_WARN_BOOL_CONVERSION = YES;
				CLANG_WARN_COMMA = YES;
				CLANG_WARN_CONSTANT_CONVERSION = YES;
				CLANG_WARN_DEPRECATED_OBJC_IMPLEMENTATIONS = YES;
				CLANG_WARN_DIRECT_OBJC_ISA_USAGE = YES_ERROR;
				CLANG_WARN_DOCUMENTATION_COMMENTS = YES;
				CLANG_WARN_EMPTY_BODY = YES;
				CLANG_WARN_ENUM_CONVERSION = YES;
				CLANG_WARN_INFINITE_RECURSION = YES;
				CLANG_WARN_INT_CONVERSION = YES;
				CLANG_WARN_NON_LITERAL_NULL_CONVERSION = YES;
				CLANG_WARN_OBJC_IMPLICIT_RETAIN_SELF = YES;
				CLANG_WARN_OBJC_LITERAL_CONVERSION = YES;
				CLANG_WARN_OBJC_ROOT_CLASS = YES_ERROR;
				CLANG_WARN_QUOTED_INCLUDE_IN_FRAMEWORK_HEADER = YES;
				CLANG_WARN_RANGE_LOOP_ANALYSIS = YES;
				CLANG_WARN_STRICT_PROTOTYPES = YES;
				CLANG_WARN_SUSPICIOUS_MOVE = YES;
				CLANG_WARN_UNGUARDED_AVAILABILITY = YES_AGGRESSIVE;
				CLANG_WARN_UNREACHABLE_CODE = YES;
				CLANG_WARN__DUPLICATE_METHOD_MATCH = YES;
				CODE_SIGN_IDENTITY = "iPhone Developer";
				COPY_PHASE_STRIP = NO;
				DEBUG_INFORMATION_FORMAT = "dwarf-with-dsym";
				ENABLE_NS_ASSERTIONS = NO;
				ENABLE_STRICT_OBJC_MSGSEND = YES;
				GCC_C_LANGUAGE_STANDARD = gnu11;
				GCC_NO_COMMON_BLOCKS = YES;
				GCC_TREAT_WARNINGS_AS_ERRORS = YES;
				GCC_WARN_64_TO_32_BIT_CONVERSION = YES;
				GCC_WARN_ABOUT_RETURN_TYPE = YES_ERROR;
				GCC_WARN_UNDECLARED_SELECTOR = YES;
				GCC_WARN_UNINITIALIZED_AUTOS = YES_AGGRESSIVE;
				GCC_WARN_UNUSED_FUNCTION = YES;
				GCC_WARN_UNUSED_VARIABLE = YES;
				HEADER_SEARCH_PATHS = "$(SDKROOT)/usr/include/libxml2";
				IPHONEOS_DEPLOYMENT_TARGET = 16.0;
				MTL_ENABLE_DEBUG_INFO = NO;
				MTL_FAST_MATH = YES;
				SDKROOT = iphoneos;
				SWIFT_COMPILATION_MODE = wholemodule;
				SWIFT_OPTIMIZATION_LEVEL = "-O";
				SWIFT_TREAT_WARNINGS_AS_ERRORS = YES;
				VALIDATE_PRODUCT = YES;
			};
			name = Release;
		};
		D8D3BC1F21C6AEBD00D6FB97 /* Debug */ = {
			isa = XCBuildConfiguration;
			buildSettings = {
				ASSETCATALOG_COMPILER_APPICON_NAME = AppIcon;
				CODE_SIGN_ENTITLEMENTS = Bookmarks/Bookmarks.entitlements;
				CODE_SIGN_STYLE = Automatic;
				CURRENT_PROJECT_VERSION = $BUILD_NUMBER;
				DEVELOPMENT_TEAM = S4WXAUZQEV;
				INFOPLIST_FILE = Bookmarks/Info.plist;
				LD_RUNPATH_SEARCH_PATHS = (
					"$(inherited)",
					"@executable_path/Frameworks",
				);
				MARKETING_VERSION = 0.0.0;
				PRODUCT_BUNDLE_IDENTIFIER = uk.co.inseven.bookmarks.new;
				PRODUCT_NAME = Bookmarks;
				SWIFT_OBJC_BRIDGING_HEADER = "$(SRCROOT)/Bookmarks/Bookmarks-Bridging-Header.h";
				SWIFT_VERSION = 5.0;
				TARGETED_DEVICE_FAMILY = "1,2";
			};
			name = Debug;
		};
		D8D3BC2021C6AEBD00D6FB97 /* Release */ = {
			isa = XCBuildConfiguration;
			buildSettings = {
				ASSETCATALOG_COMPILER_APPICON_NAME = AppIcon;
				CODE_SIGN_ENTITLEMENTS = Bookmarks/Bookmarks.entitlements;
				CODE_SIGN_IDENTITY = "iPhone Distribution";
				CODE_SIGN_STYLE = Manual;
				CURRENT_PROJECT_VERSION = $BUILD_NUMBER;
				DEVELOPMENT_TEAM = S4WXAUZQEV;
				"DEVELOPMENT_TEAM[sdk=iphoneos*]" = S4WXAUZQEV;
				INFOPLIST_FILE = Bookmarks/Info.plist;
				LD_RUNPATH_SEARCH_PATHS = (
					"$(inherited)",
					"@executable_path/Frameworks",
				);
				MARKETING_VERSION = 0.0.0;
				PRODUCT_BUNDLE_IDENTIFIER = uk.co.inseven.bookmarks.new;
				PRODUCT_NAME = Bookmarks;
				PROVISIONING_PROFILE_SPECIFIER = "Bookmarks App Store Profile";
				"PROVISIONING_PROFILE_SPECIFIER[sdk=iphoneos*]" = "Bookmarks App Store Profile";
				SWIFT_OBJC_BRIDGING_HEADER = "$(SRCROOT)/Bookmarks/Bookmarks-Bridging-Header.h";
				SWIFT_VERSION = 5.0;
				TARGETED_DEVICE_FAMILY = "1,2";
			};
			name = Release;
		};
		D8D3BC2221C6AEBD00D6FB97 /* Debug */ = {
			isa = XCBuildConfiguration;
			buildSettings = {
				ALWAYS_EMBED_SWIFT_STANDARD_LIBRARIES = YES;
				ASSETCATALOG_COMPILER_APPICON_NAME = AppIcon;
				BUNDLE_LOADER = "$(TEST_HOST)";
				CODE_SIGN_STYLE = Automatic;
				DEVELOPMENT_TEAM = S4WXAUZQEV;
				INFOPLIST_FILE = BookmarksTests/Info.plist;
				LD_RUNPATH_SEARCH_PATHS = (
					"$(inherited)",
					"@executable_path/Frameworks",
					"@loader_path/Frameworks",
				);
				PRODUCT_BUNDLE_IDENTIFIER = uk.co.inseven.BookmarksTests;
				PRODUCT_NAME = "$(TARGET_NAME)";
				SWIFT_VERSION = 5.0;
				TARGETED_DEVICE_FAMILY = "1,2";
				TEST_HOST = "$(BUILT_PRODUCTS_DIR)/Bookmarks.app/Bookmarks";
			};
			name = Debug;
		};
		D8D3BC2321C6AEBD00D6FB97 /* Release */ = {
			isa = XCBuildConfiguration;
			buildSettings = {
				ALWAYS_EMBED_SWIFT_STANDARD_LIBRARIES = YES;
				ASSETCATALOG_COMPILER_APPICON_NAME = AppIcon;
				BUNDLE_LOADER = "$(TEST_HOST)";
				CODE_SIGN_STYLE = Automatic;
				DEVELOPMENT_TEAM = S4WXAUZQEV;
				INFOPLIST_FILE = BookmarksTests/Info.plist;
				LD_RUNPATH_SEARCH_PATHS = (
					"$(inherited)",
					"@executable_path/Frameworks",
					"@loader_path/Frameworks",
				);
				PRODUCT_BUNDLE_IDENTIFIER = uk.co.inseven.BookmarksTests;
				PRODUCT_NAME = "$(TARGET_NAME)";
				SWIFT_VERSION = 5.0;
				TARGETED_DEVICE_FAMILY = "1,2";
				TEST_HOST = "$(BUILT_PRODUCTS_DIR)/Bookmarks.app/Bookmarks";
			};
			name = Release;
		};
		D8D3BC2521C6AEBD00D6FB97 /* Debug */ = {
			isa = XCBuildConfiguration;
			buildSettings = {
				ALWAYS_EMBED_SWIFT_STANDARD_LIBRARIES = YES;
				CODE_SIGN_STYLE = Automatic;
				DEVELOPMENT_TEAM = S4WXAUZQEV;
				INFOPLIST_FILE = BookmarksUITests/Info.plist;
				LD_RUNPATH_SEARCH_PATHS = (
					"$(inherited)",
					"@executable_path/Frameworks",
					"@loader_path/Frameworks",
				);
				PRODUCT_BUNDLE_IDENTIFIER = uk.co.inseven.BookmarksUITests;
				PRODUCT_NAME = "$(TARGET_NAME)";
				SWIFT_VERSION = 5.0;
				TARGETED_DEVICE_FAMILY = "1,2";
				TEST_TARGET_NAME = Bookmarks;
			};
			name = Debug;
		};
		D8D3BC2621C6AEBD00D6FB97 /* Release */ = {
			isa = XCBuildConfiguration;
			buildSettings = {
				ALWAYS_EMBED_SWIFT_STANDARD_LIBRARIES = YES;
				CODE_SIGN_STYLE = Automatic;
				DEVELOPMENT_TEAM = S4WXAUZQEV;
				INFOPLIST_FILE = BookmarksUITests/Info.plist;
				LD_RUNPATH_SEARCH_PATHS = (
					"$(inherited)",
					"@executable_path/Frameworks",
					"@loader_path/Frameworks",
				);
				PRODUCT_BUNDLE_IDENTIFIER = uk.co.inseven.BookmarksUITests;
				PRODUCT_NAME = "$(TARGET_NAME)";
				SWIFT_VERSION = 5.0;
				TARGETED_DEVICE_FAMILY = "1,2";
				TEST_TARGET_NAME = Bookmarks;
			};
			name = Release;
		};
/* End XCBuildConfiguration section */

/* Begin XCConfigurationList section */
		D8D3BBF121C6AEBC00D6FB97 /* Build configuration list for PBXProject "Bookmarks-iOS" */ = {
			isa = XCConfigurationList;
			buildConfigurations = (
				D8D3BC1C21C6AEBD00D6FB97 /* Debug */,
				D8D3BC1D21C6AEBD00D6FB97 /* Release */,
			);
			defaultConfigurationIsVisible = 0;
			defaultConfigurationName = Release;
		};
		D8D3BC1E21C6AEBD00D6FB97 /* Build configuration list for PBXNativeTarget "Bookmarks" */ = {
			isa = XCConfigurationList;
			buildConfigurations = (
				D8D3BC1F21C6AEBD00D6FB97 /* Debug */,
				D8D3BC2021C6AEBD00D6FB97 /* Release */,
			);
			defaultConfigurationIsVisible = 0;
			defaultConfigurationName = Release;
		};
		D8D3BC2121C6AEBD00D6FB97 /* Build configuration list for PBXNativeTarget "BookmarksTests" */ = {
			isa = XCConfigurationList;
			buildConfigurations = (
				D8D3BC2221C6AEBD00D6FB97 /* Debug */,
				D8D3BC2321C6AEBD00D6FB97 /* Release */,
			);
			defaultConfigurationIsVisible = 0;
			defaultConfigurationName = Release;
		};
		D8D3BC2421C6AEBD00D6FB97 /* Build configuration list for PBXNativeTarget "BookmarksUITests" */ = {
			isa = XCConfigurationList;
			buildConfigurations = (
				D8D3BC2521C6AEBD00D6FB97 /* Debug */,
				D8D3BC2621C6AEBD00D6FB97 /* Release */,
			);
			defaultConfigurationIsVisible = 0;
			defaultConfigurationName = Release;
		};
/* End XCConfigurationList section */

/* Begin XCSwiftPackageProductDependency section */
		D822159A2955C35C0087FBAC /* BookmarksCore */ = {
			isa = XCSwiftPackageProductDependency;
			productName = BookmarksCore;
		};
		D8743908273106C000B676A5 /* Diligence */ = {
			isa = XCSwiftPackageProductDependency;
			productName = Diligence;
		};
/* End XCSwiftPackageProductDependency section */
	};
	rootObject = D8D3BBEE21C6AEBC00D6FB97 /* Project object */;
}
