// !$*UTF8*$!
{
	archiveVersion = 1;
	classes = {
	};
	objectVersion = 52;
	objects = {

/* Begin PBXBuildFile section */
		D81D019D247B0AA200C8324B /* Store.swift in Sources */ = {isa = PBXBuildFile; fileRef = D81D019C247B0AA200C8324B /* Store.swift */; };
		D81D019F247B24D600C8324B /* Utilities.swift in Sources */ = {isa = PBXBuildFile; fileRef = D81D019E247B24D600C8324B /* Utilities.swift */; };
		D81D01A1247B29B500C8324B /* Updater.swift in Sources */ = {isa = PBXBuildFile; fileRef = D81D01A0247B29B500C8324B /* Updater.swift */; };
		D81E7484254A0D1B002336DC /* ContentView.swift in Sources */ = {isa = PBXBuildFile; fileRef = D81E7483254A0D1B002336DC /* ContentView.swift */; };
		D832EEBD24816655004C64E3 /* Document.swift in Sources */ = {isa = PBXBuildFile; fileRef = D832EEBC24816655004C64E3 /* Document.swift */; };
		D832EEBF248166FC004C64E3 /* MemoryImageCache.swift in Sources */ = {isa = PBXBuildFile; fileRef = D832EEBE248166FC004C64E3 /* MemoryImageCache.swift */; };
		D832EEC124816735004C64E3 /* FileImageCache.swift in Sources */ = {isa = PBXBuildFile; fileRef = D832EEC024816735004C64E3 /* FileImageCache.swift */; };
		D832EEC724816901004C64E3 /* SettingsView.swift in Sources */ = {isa = PBXBuildFile; fileRef = D832EEC624816901004C64E3 /* SettingsView.swift */; };
		D832EEC924818EF6004C64E3 /* Settings.swift in Sources */ = {isa = PBXBuildFile; fileRef = D832EEC824818EF6004C64E3 /* Settings.swift */; };
		D847849F2614E19B00B2318B /* BookmarksApp.swift in Sources */ = {isa = PBXBuildFile; fileRef = D847849E2614E19B00B2318B /* BookmarksApp.swift */; };
		D84784A12614E19B00B2318B /* ContentView.swift in Sources */ = {isa = PBXBuildFile; fileRef = D84784A02614E19B00B2318B /* ContentView.swift */; };
		D84784A32614E19E00B2318B /* Assets.xcassets in Resources */ = {isa = PBXBuildFile; fileRef = D84784A22614E19E00B2318B /* Assets.xcassets */; };
		D84784A62614E19E00B2318B /* Preview Assets.xcassets in Resources */ = {isa = PBXBuildFile; fileRef = D84784A52614E19E00B2318B /* Preview Assets.xcassets */; };
		D84784B22614E19E00B2318B /* BookmarksTests.swift in Sources */ = {isa = PBXBuildFile; fileRef = D84784B12614E19E00B2318B /* BookmarksTests.swift */; };
		D84784BD2614E19E00B2318B /* BookmarksUITests.swift in Sources */ = {isa = PBXBuildFile; fileRef = D84784BC2614E19E00B2318B /* BookmarksUITests.swift */; };
		D84784CE2614E1C500B2318B /* XPathQuery.m in Sources */ = {isa = PBXBuildFile; fileRef = D864E46B21C93FB400EAB9AD /* XPathQuery.m */; };
		D84784D52614E1CE00B2318B /* TFHppleElement.m in Sources */ = {isa = PBXBuildFile; fileRef = D864E46A21C93FB400EAB9AD /* TFHppleElement.m */; };
		D84784DC2614E1D900B2318B /* TFHpple.m in Sources */ = {isa = PBXBuildFile; fileRef = D864E46721C93FB400EAB9AD /* TFHpple.m */; };
		D84785302615360E00B2318B /* URLComponents.swift in Sources */ = {isa = PBXBuildFile; fileRef = D847852F2615360E00B2318B /* URLComponents.swift */; };
		D84785382615363200B2318B /* UIImage.swift in Sources */ = {isa = PBXBuildFile; fileRef = D84785372615363200B2318B /* UIImage.swift */; };
		D8478554261539AA00B2318B /* BookmarksView.swift in Sources */ = {isa = PBXBuildFile; fileRef = D8478553261539AA00B2318B /* BookmarksView.swift */; };
		D847855C26153A5000B2318B /* BookmarkCell.swift in Sources */ = {isa = PBXBuildFile; fileRef = D847855B26153A5000B2318B /* BookmarkCell.swift */; };
		D84785822615474900B2318B /* SearchBoxModifier.swift in Sources */ = {isa = PBXBuildFile; fileRef = D84785812615474900B2318B /* SearchBoxModifier.swift */; };
		D847858A2615476B00B2318B /* String.swift in Sources */ = {isa = PBXBuildFile; fileRef = D84785892615476B00B2318B /* String.swift */; };
		D84785922615478800B2318B /* BookmarksError.swift in Sources */ = {isa = PBXBuildFile; fileRef = D84785912615478800B2318B /* BookmarksError.swift */; };
		D864E46C21C93FB400EAB9AD /* TFHpple.m in Sources */ = {isa = PBXBuildFile; fileRef = D864E46721C93FB400EAB9AD /* TFHpple.m */; };
		D864E46D21C93FB400EAB9AD /* TFHppleElement.m in Sources */ = {isa = PBXBuildFile; fileRef = D864E46A21C93FB400EAB9AD /* TFHppleElement.m */; };
		D864E46E21C93FB400EAB9AD /* XPathQuery.m in Sources */ = {isa = PBXBuildFile; fileRef = D864E46B21C93FB400EAB9AD /* XPathQuery.m */; };
		D864E47121C93FD200EAB9AD /* libxml2.2.tbd in Frameworks */ = {isa = PBXBuildFile; fileRef = D864E47021C93FD200EAB9AD /* libxml2.2.tbd */; };
		D8A131F4248C4FDA006E71BE /* DownloadManager.swift in Sources */ = {isa = PBXBuildFile; fileRef = D8A131F3248C4FDA006E71BE /* DownloadManager.swift */; };
		D8A3A51F247C918000C3B8B4 /* ThumbnailManager.swift in Sources */ = {isa = PBXBuildFile; fileRef = D8A3A51E247C918000C3B8B4 /* ThumbnailManager.swift */; };
		D8AAFE51248018BC00B62492 /* ImageCache.swift in Sources */ = {isa = PBXBuildFile; fileRef = D8AAFE50248018BC00B62492 /* ImageCache.swift */; };
		D8AAFE5324804FDF00B62492 /* WebViewDownloader.swift in Sources */ = {isa = PBXBuildFile; fileRef = D8AAFE5224804FDF00B62492 /* WebViewDownloader.swift */; };
		D8BDE1132551AB8100C95945 /* SwiftlySearch.swift in Sources */ = {isa = PBXBuildFile; fileRef = D8BDE1122551AB8100C95945 /* SwiftlySearch.swift */; };
		D8BDE1182551C56100C95945 /* BookmarksApp.swift in Sources */ = {isa = PBXBuildFile; fileRef = D8BDE1172551C56100C95945 /* BookmarksApp.swift */; };
		D8BDE1472554782000C95945 /* Introspect in Frameworks */ = {isa = PBXBuildFile; productRef = D8BDE1462554782000C95945 /* Introspect */; };
		D8D3BC0121C6AEBD00D6FB97 /* Assets.xcassets in Resources */ = {isa = PBXBuildFile; fileRef = D8D3BC0021C6AEBD00D6FB97 /* Assets.xcassets */; };
		D8D3BC0421C6AEBD00D6FB97 /* LaunchScreen.storyboard in Resources */ = {isa = PBXBuildFile; fileRef = D8D3BC0221C6AEBD00D6FB97 /* LaunchScreen.storyboard */; };
		D8D3BC0F21C6AEBD00D6FB97 /* StuffTests.swift in Sources */ = {isa = PBXBuildFile; fileRef = D8D3BC0E21C6AEBD00D6FB97 /* StuffTests.swift */; };
		D8D3BC1A21C6AEBD00D6FB97 /* StuffUITests.swift in Sources */ = {isa = PBXBuildFile; fileRef = D8D3BC1921C6AEBD00D6FB97 /* StuffUITests.swift */; };
		D8D3BC2A21C72F7600D6FB97 /* Pinboard.swift in Sources */ = {isa = PBXBuildFile; fileRef = D8D3BC2921C72F7600D6FB97 /* Pinboard.swift */; };
		D8D3E4F3254D8EBB00A72446 /* Item.swift in Sources */ = {isa = PBXBuildFile; fileRef = D8D3E4F2254D8EBB00A72446 /* Item.swift */; };
		D8D3E4F8254D957700A72446 /* View.swift in Sources */ = {isa = PBXBuildFile; fileRef = D8D3E4F7254D957700A72446 /* View.swift */; };
		D8D3E4FD254E753F00A72446 /* NSCoder.swift in Sources */ = {isa = PBXBuildFile; fileRef = D8D3E4FC254E753F00A72446 /* NSCoder.swift */; };
/* End PBXBuildFile section */

/* Begin PBXContainerItemProxy section */
		D84784AE2614E19E00B2318B /* PBXContainerItemProxy */ = {
			isa = PBXContainerItemProxy;
			containerPortal = D8D3BBEE21C6AEBC00D6FB97 /* Project object */;
			proxyType = 1;
			remoteGlobalIDString = D847849B2614E19B00B2318B;
			remoteInfo = Bookmarks;
		};
		D84784B92614E19E00B2318B /* PBXContainerItemProxy */ = {
			isa = PBXContainerItemProxy;
			containerPortal = D8D3BBEE21C6AEBC00D6FB97 /* Project object */;
			proxyType = 1;
			remoteGlobalIDString = D847849B2614E19B00B2318B;
			remoteInfo = Bookmarks;
		};
		D8D3BC0B21C6AEBD00D6FB97 /* PBXContainerItemProxy */ = {
			isa = PBXContainerItemProxy;
			containerPortal = D8D3BBEE21C6AEBC00D6FB97 /* Project object */;
			proxyType = 1;
			remoteGlobalIDString = D8D3BBF521C6AEBC00D6FB97;
			remoteInfo = Stuff;
		};
		D8D3BC1621C6AEBD00D6FB97 /* PBXContainerItemProxy */ = {
			isa = PBXContainerItemProxy;
			containerPortal = D8D3BBEE21C6AEBC00D6FB97 /* Project object */;
			proxyType = 1;
			remoteGlobalIDString = D8D3BBF521C6AEBC00D6FB97;
			remoteInfo = Stuff;
		};
/* End PBXContainerItemProxy section */

/* Begin PBXFileReference section */
		D81D019C247B0AA200C8324B /* Store.swift */ = {isa = PBXFileReference; lastKnownFileType = sourcecode.swift; path = Store.swift; sourceTree = "<group>"; };
		D81D019E247B24D600C8324B /* Utilities.swift */ = {isa = PBXFileReference; lastKnownFileType = sourcecode.swift; path = Utilities.swift; sourceTree = "<group>"; };
		D81D01A0247B29B500C8324B /* Updater.swift */ = {isa = PBXFileReference; lastKnownFileType = sourcecode.swift; path = Updater.swift; sourceTree = "<group>"; };
		D81E7483254A0D1B002336DC /* ContentView.swift */ = {isa = PBXFileReference; lastKnownFileType = sourcecode.swift; path = ContentView.swift; sourceTree = "<group>"; };
		D832EEBC24816655004C64E3 /* Document.swift */ = {isa = PBXFileReference; lastKnownFileType = sourcecode.swift; path = Document.swift; sourceTree = "<group>"; };
		D832EEBE248166FC004C64E3 /* MemoryImageCache.swift */ = {isa = PBXFileReference; lastKnownFileType = sourcecode.swift; path = MemoryImageCache.swift; sourceTree = "<group>"; };
		D832EEC024816735004C64E3 /* FileImageCache.swift */ = {isa = PBXFileReference; lastKnownFileType = sourcecode.swift; path = FileImageCache.swift; sourceTree = "<group>"; };
		D832EEC624816901004C64E3 /* SettingsView.swift */ = {isa = PBXFileReference; lastKnownFileType = sourcecode.swift; path = SettingsView.swift; sourceTree = "<group>"; };
		D832EEC824818EF6004C64E3 /* Settings.swift */ = {isa = PBXFileReference; lastKnownFileType = sourcecode.swift; path = Settings.swift; sourceTree = "<group>"; };
		D832EECA2481B6D1004C64E3 /* Stuff.entitlements */ = {isa = PBXFileReference; lastKnownFileType = text.plist.entitlements; path = Stuff.entitlements; sourceTree = "<group>"; };
		D847849C2614E19B00B2318B /* Bookmarks.app */ = {isa = PBXFileReference; explicitFileType = wrapper.application; includeInIndex = 0; path = Bookmarks.app; sourceTree = BUILT_PRODUCTS_DIR; };
		D847849E2614E19B00B2318B /* BookmarksApp.swift */ = {isa = PBXFileReference; lastKnownFileType = sourcecode.swift; path = BookmarksApp.swift; sourceTree = "<group>"; };
		D84784A02614E19B00B2318B /* ContentView.swift */ = {isa = PBXFileReference; lastKnownFileType = sourcecode.swift; path = ContentView.swift; sourceTree = "<group>"; };
		D84784A22614E19E00B2318B /* Assets.xcassets */ = {isa = PBXFileReference; lastKnownFileType = folder.assetcatalog; path = Assets.xcassets; sourceTree = "<group>"; };
		D84784A52614E19E00B2318B /* Preview Assets.xcassets */ = {isa = PBXFileReference; lastKnownFileType = folder.assetcatalog; path = "Preview Assets.xcassets"; sourceTree = "<group>"; };
		D84784A72614E19E00B2318B /* Info.plist */ = {isa = PBXFileReference; lastKnownFileType = text.plist.xml; path = Info.plist; sourceTree = "<group>"; };
		D84784A82614E19E00B2318B /* Bookmarks.entitlements */ = {isa = PBXFileReference; lastKnownFileType = text.plist.entitlements; path = Bookmarks.entitlements; sourceTree = "<group>"; };
		D84784AD2614E19E00B2318B /* BookmarksTests.xctest */ = {isa = PBXFileReference; explicitFileType = wrapper.cfbundle; includeInIndex = 0; path = BookmarksTests.xctest; sourceTree = BUILT_PRODUCTS_DIR; };
		D84784B12614E19E00B2318B /* BookmarksTests.swift */ = {isa = PBXFileReference; lastKnownFileType = sourcecode.swift; path = BookmarksTests.swift; sourceTree = "<group>"; };
		D84784B32614E19E00B2318B /* Info.plist */ = {isa = PBXFileReference; lastKnownFileType = text.plist.xml; path = Info.plist; sourceTree = "<group>"; };
		D84784B82614E19E00B2318B /* BookmarksUITests.xctest */ = {isa = PBXFileReference; explicitFileType = wrapper.cfbundle; includeInIndex = 0; path = BookmarksUITests.xctest; sourceTree = BUILT_PRODUCTS_DIR; };
		D84784BC2614E19E00B2318B /* BookmarksUITests.swift */ = {isa = PBXFileReference; lastKnownFileType = sourcecode.swift; path = BookmarksUITests.swift; sourceTree = "<group>"; };
		D84784BE2614E19E00B2318B /* Info.plist */ = {isa = PBXFileReference; lastKnownFileType = text.plist.xml; path = Info.plist; sourceTree = "<group>"; };
		D847852F2615360E00B2318B /* URLComponents.swift */ = {isa = PBXFileReference; lastKnownFileType = sourcecode.swift; path = URLComponents.swift; sourceTree = "<group>"; };
		D84785372615363200B2318B /* UIImage.swift */ = {isa = PBXFileReference; lastKnownFileType = sourcecode.swift; path = UIImage.swift; sourceTree = "<group>"; };
		D8478553261539AA00B2318B /* BookmarksView.swift */ = {isa = PBXFileReference; lastKnownFileType = sourcecode.swift; path = BookmarksView.swift; sourceTree = "<group>"; };
		D847855B26153A5000B2318B /* BookmarkCell.swift */ = {isa = PBXFileReference; lastKnownFileType = sourcecode.swift; path = BookmarkCell.swift; sourceTree = "<group>"; };
		D84785812615474900B2318B /* SearchBoxModifier.swift */ = {isa = PBXFileReference; lastKnownFileType = sourcecode.swift; path = SearchBoxModifier.swift; sourceTree = "<group>"; };
		D84785892615476B00B2318B /* String.swift */ = {isa = PBXFileReference; lastKnownFileType = sourcecode.swift; path = String.swift; sourceTree = "<group>"; };
		D84785912615478800B2318B /* BookmarksError.swift */ = {isa = PBXFileReference; lastKnownFileType = sourcecode.swift; path = BookmarksError.swift; sourceTree = "<group>"; };
		D864E46621C93FB400EAB9AD /* TFHppleElement.h */ = {isa = PBXFileReference; fileEncoding = 4; lastKnownFileType = sourcecode.c.h; path = TFHppleElement.h; sourceTree = "<group>"; };
		D864E46721C93FB400EAB9AD /* TFHpple.m */ = {isa = PBXFileReference; fileEncoding = 4; lastKnownFileType = sourcecode.c.objc; path = TFHpple.m; sourceTree = "<group>"; };
		D864E46821C93FB400EAB9AD /* XPathQuery.h */ = {isa = PBXFileReference; fileEncoding = 4; lastKnownFileType = sourcecode.c.h; path = XPathQuery.h; sourceTree = "<group>"; };
		D864E46921C93FB400EAB9AD /* TFHpple.h */ = {isa = PBXFileReference; fileEncoding = 4; lastKnownFileType = sourcecode.c.h; path = TFHpple.h; sourceTree = "<group>"; };
		D864E46A21C93FB400EAB9AD /* TFHppleElement.m */ = {isa = PBXFileReference; fileEncoding = 4; lastKnownFileType = sourcecode.c.objc; path = TFHppleElement.m; sourceTree = "<group>"; };
		D864E46B21C93FB400EAB9AD /* XPathQuery.m */ = {isa = PBXFileReference; fileEncoding = 4; lastKnownFileType = sourcecode.c.objc; path = XPathQuery.m; sourceTree = "<group>"; };
		D864E47021C93FD200EAB9AD /* libxml2.2.tbd */ = {isa = PBXFileReference; lastKnownFileType = "sourcecode.text-based-dylib-definition"; name = libxml2.2.tbd; path = usr/lib/libxml2.2.tbd; sourceTree = SDKROOT; };
		D864E47221C9417F00EAB9AD /* Stuff-Bridging-Header.h */ = {isa = PBXFileReference; lastKnownFileType = sourcecode.c.h; path = "Stuff-Bridging-Header.h"; sourceTree = "<group>"; };
		D8A131F3248C4FDA006E71BE /* DownloadManager.swift */ = {isa = PBXFileReference; lastKnownFileType = sourcecode.swift; path = DownloadManager.swift; sourceTree = "<group>"; };
		D8A3A51E247C918000C3B8B4 /* ThumbnailManager.swift */ = {isa = PBXFileReference; lastKnownFileType = sourcecode.swift; path = ThumbnailManager.swift; sourceTree = "<group>"; };
		D8AAFE50248018BC00B62492 /* ImageCache.swift */ = {isa = PBXFileReference; lastKnownFileType = sourcecode.swift; path = ImageCache.swift; sourceTree = "<group>"; };
		D8AAFE5224804FDF00B62492 /* WebViewDownloader.swift */ = {isa = PBXFileReference; lastKnownFileType = sourcecode.swift; path = WebViewDownloader.swift; sourceTree = "<group>"; };
		D8BDE1122551AB8100C95945 /* SwiftlySearch.swift */ = {isa = PBXFileReference; fileEncoding = 4; lastKnownFileType = sourcecode.swift; path = SwiftlySearch.swift; sourceTree = "<group>"; };
		D8BDE1172551C56100C95945 /* BookmarksApp.swift */ = {isa = PBXFileReference; lastKnownFileType = sourcecode.swift; path = BookmarksApp.swift; sourceTree = "<group>"; };
		D8D3BBF621C6AEBC00D6FB97 /* Bookmarks.app */ = {isa = PBXFileReference; explicitFileType = wrapper.application; includeInIndex = 0; path = Bookmarks.app; sourceTree = BUILT_PRODUCTS_DIR; };
		D8D3BC0021C6AEBD00D6FB97 /* Assets.xcassets */ = {isa = PBXFileReference; lastKnownFileType = folder.assetcatalog; path = Assets.xcassets; sourceTree = "<group>"; };
		D8D3BC0321C6AEBD00D6FB97 /* Base */ = {isa = PBXFileReference; lastKnownFileType = file.storyboard; name = Base; path = Base.lproj/LaunchScreen.storyboard; sourceTree = "<group>"; };
		D8D3BC0521C6AEBD00D6FB97 /* Info.plist */ = {isa = PBXFileReference; lastKnownFileType = text.plist.xml; path = Info.plist; sourceTree = "<group>"; };
		D8D3BC0A21C6AEBD00D6FB97 /* StuffTests.xctest */ = {isa = PBXFileReference; explicitFileType = wrapper.cfbundle; includeInIndex = 0; path = StuffTests.xctest; sourceTree = BUILT_PRODUCTS_DIR; };
		D8D3BC0E21C6AEBD00D6FB97 /* StuffTests.swift */ = {isa = PBXFileReference; lastKnownFileType = sourcecode.swift; path = StuffTests.swift; sourceTree = "<group>"; };
		D8D3BC1021C6AEBD00D6FB97 /* Info.plist */ = {isa = PBXFileReference; lastKnownFileType = text.plist.xml; path = Info.plist; sourceTree = "<group>"; };
		D8D3BC1521C6AEBD00D6FB97 /* StuffUITests.xctest */ = {isa = PBXFileReference; explicitFileType = wrapper.cfbundle; includeInIndex = 0; path = StuffUITests.xctest; sourceTree = BUILT_PRODUCTS_DIR; };
		D8D3BC1921C6AEBD00D6FB97 /* StuffUITests.swift */ = {isa = PBXFileReference; lastKnownFileType = sourcecode.swift; path = StuffUITests.swift; sourceTree = "<group>"; };
		D8D3BC1B21C6AEBD00D6FB97 /* Info.plist */ = {isa = PBXFileReference; lastKnownFileType = text.plist.xml; path = Info.plist; sourceTree = "<group>"; };
		D8D3BC2921C72F7600D6FB97 /* Pinboard.swift */ = {isa = PBXFileReference; lastKnownFileType = sourcecode.swift; path = Pinboard.swift; sourceTree = "<group>"; };
		D8D3E4F2254D8EBB00A72446 /* Item.swift */ = {isa = PBXFileReference; lastKnownFileType = sourcecode.swift; path = Item.swift; sourceTree = "<group>"; };
		D8D3E4F7254D957700A72446 /* View.swift */ = {isa = PBXFileReference; lastKnownFileType = sourcecode.swift; path = View.swift; sourceTree = "<group>"; };
		D8D3E4FC254E753F00A72446 /* NSCoder.swift */ = {isa = PBXFileReference; lastKnownFileType = sourcecode.swift; path = NSCoder.swift; sourceTree = "<group>"; };
/* End PBXFileReference section */

/* Begin PBXFrameworksBuildPhase section */
		D84784992614E19B00B2318B /* Frameworks */ = {
			isa = PBXFrameworksBuildPhase;
			buildActionMask = 2147483647;
			files = (
			);
			runOnlyForDeploymentPostprocessing = 0;
		};
		D84784AA2614E19E00B2318B /* Frameworks */ = {
			isa = PBXFrameworksBuildPhase;
			buildActionMask = 2147483647;
			files = (
			);
			runOnlyForDeploymentPostprocessing = 0;
		};
		D84784B52614E19E00B2318B /* Frameworks */ = {
			isa = PBXFrameworksBuildPhase;
			buildActionMask = 2147483647;
			files = (
			);
			runOnlyForDeploymentPostprocessing = 0;
		};
		D8D3BBF321C6AEBC00D6FB97 /* Frameworks */ = {
			isa = PBXFrameworksBuildPhase;
			buildActionMask = 2147483647;
			files = (
				D864E47121C93FD200EAB9AD /* libxml2.2.tbd in Frameworks */,
				D8BDE1472554782000C95945 /* Introspect in Frameworks */,
			);
			runOnlyForDeploymentPostprocessing = 0;
		};
		D8D3BC0721C6AEBD00D6FB97 /* Frameworks */ = {
			isa = PBXFrameworksBuildPhase;
			buildActionMask = 2147483647;
			files = (
			);
			runOnlyForDeploymentPostprocessing = 0;
		};
		D8D3BC1221C6AEBD00D6FB97 /* Frameworks */ = {
			isa = PBXFrameworksBuildPhase;
			buildActionMask = 2147483647;
			files = (
			);
			runOnlyForDeploymentPostprocessing = 0;
		};
/* End PBXFrameworksBuildPhase section */

/* Begin PBXGroup section */
		D832EEC224816764004C64E3 /* Cache */ = {
			isa = PBXGroup;
			children = (
				D8AAFE50248018BC00B62492 /* ImageCache.swift */,
				D832EEBE248166FC004C64E3 /* MemoryImageCache.swift */,
				D832EEC024816735004C64E3 /* FileImageCache.swift */,
			);
			path = Cache;
			sourceTree = "<group>";
		};
		D847849D2614E19B00B2318B /* Bookmarks */ = {
			isa = PBXGroup;
			children = (
				D847849E2614E19B00B2318B /* BookmarksApp.swift */,
				D84784A02614E19B00B2318B /* ContentView.swift */,
				D84784A22614E19E00B2318B /* Assets.xcassets */,
				D84784A72614E19E00B2318B /* Info.plist */,
				D84784A82614E19E00B2318B /* Bookmarks.entitlements */,
				D84784A42614E19E00B2318B /* Preview Content */,
			);
			path = Bookmarks;
			sourceTree = "<group>";
		};
		D84784A42614E19E00B2318B /* Preview Content */ = {
			isa = PBXGroup;
			children = (
				D84784A52614E19E00B2318B /* Preview Assets.xcassets */,
			);
			path = "Preview Content";
			sourceTree = "<group>";
		};
		D84784B02614E19E00B2318B /* BookmarksTests */ = {
			isa = PBXGroup;
			children = (
				D84784B12614E19E00B2318B /* BookmarksTests.swift */,
				D84784B32614E19E00B2318B /* Info.plist */,
			);
			path = BookmarksTests;
			sourceTree = "<group>";
		};
		D84784BB2614E19E00B2318B /* BookmarksUITests */ = {
			isa = PBXGroup;
			children = (
				D84784BC2614E19E00B2318B /* BookmarksUITests.swift */,
				D84784BE2614E19E00B2318B /* Info.plist */,
			);
			path = BookmarksUITests;
			sourceTree = "<group>";
		};
		D84784E32614E24E00B2318B /* Core */ = {
			isa = PBXGroup;
			children = (
				D84785912615478800B2318B /* BookmarksError.swift */,
				D832EEBC24816655004C64E3 /* Document.swift */,
				D8A131F3248C4FDA006E71BE /* DownloadManager.swift */,
				D8D3BC2921C72F7600D6FB97 /* Pinboard.swift */,
				D81D019C247B0AA200C8324B /* Store.swift */,
				D8A3A51E247C918000C3B8B4 /* ThumbnailManager.swift */,
				D81D01A0247B29B500C8324B /* Updater.swift */,
				D81D019E247B24D600C8324B /* Utilities.swift */,
				D8AAFE5224804FDF00B62492 /* WebViewDownloader.swift */,
			);
			path = Core;
			sourceTree = "<group>";
		};
		D84784F62614E27A00B2318B /* Extensions */ = {
			isa = PBXGroup;
			children = (
				D8D3E4FC254E753F00A72446 /* NSCoder.swift */,
				D84785892615476B00B2318B /* String.swift */,
				D84785372615363200B2318B /* UIImage.swift */,
				D847852F2615360E00B2318B /* URLComponents.swift */,
				D8D3E4F7254D957700A72446 /* View.swift */,
			);
			path = Extensions;
			sourceTree = "<group>";
		};
		D8578479254FF56E00AE241C /* Interface */ = {
			isa = PBXGroup;
			children = (
				D847855B26153A5000B2318B /* BookmarkCell.swift */,
				D8478553261539AA00B2318B /* BookmarksView.swift */,
				D81E7483254A0D1B002336DC /* ContentView.swift */,
				D84785812615474900B2318B /* SearchBoxModifier.swift */,
				D832EEC624816901004C64E3 /* SettingsView.swift */,
			);
			path = Interface;
			sourceTree = "<group>";
		};
		D864E46521C93FB400EAB9AD /* Classes */ = {
			isa = PBXGroup;
			children = (
				D864E46621C93FB400EAB9AD /* TFHppleElement.h */,
				D864E46721C93FB400EAB9AD /* TFHpple.m */,
				D864E46821C93FB400EAB9AD /* XPathQuery.h */,
				D864E46921C93FB400EAB9AD /* TFHpple.h */,
				D864E46A21C93FB400EAB9AD /* TFHppleElement.m */,
				D864E46B21C93FB400EAB9AD /* XPathQuery.m */,
			);
			name = Classes;
			path = hpple/Pod/Classes;
			sourceTree = SOURCE_ROOT;
		};
		D864E46F21C93FD200EAB9AD /* Frameworks */ = {
			isa = PBXGroup;
			children = (
				D864E47021C93FD200EAB9AD /* libxml2.2.tbd */,
			);
			name = Frameworks;
			sourceTree = "<group>";
		};
		D8BDE1112551AB8100C95945 /* SwiftlySearch */ = {
			isa = PBXGroup;
			children = (
				D8BDE1122551AB8100C95945 /* SwiftlySearch.swift */,
			);
			name = SwiftlySearch;
			path = dependencies/SwiftlySearch/Sources/SwiftlySearch;
			sourceTree = SOURCE_ROOT;
		};
		D8D3BBED21C6AEBC00D6FB97 = {
			isa = PBXGroup;
			children = (
				D8D3BBF821C6AEBC00D6FB97 /* Stuff */,
				D8D3BC0D21C6AEBD00D6FB97 /* StuffTests */,
				D8D3BC1821C6AEBD00D6FB97 /* StuffUITests */,
				D847849D2614E19B00B2318B /* Bookmarks */,
				D84784B02614E19E00B2318B /* BookmarksTests */,
				D84784BB2614E19E00B2318B /* BookmarksUITests */,
				D8D3BBF721C6AEBC00D6FB97 /* Products */,
				D864E46F21C93FD200EAB9AD /* Frameworks */,
			);
			sourceTree = "<group>";
		};
		D8D3BBF721C6AEBC00D6FB97 /* Products */ = {
			isa = PBXGroup;
			children = (
				D8D3BBF621C6AEBC00D6FB97 /* Bookmarks.app */,
				D8D3BC0A21C6AEBD00D6FB97 /* StuffTests.xctest */,
				D8D3BC1521C6AEBD00D6FB97 /* StuffUITests.xctest */,
				D847849C2614E19B00B2318B /* Bookmarks.app */,
				D84784AD2614E19E00B2318B /* BookmarksTests.xctest */,
				D84784B82614E19E00B2318B /* BookmarksUITests.xctest */,
			);
			name = Products;
			sourceTree = "<group>";
		};
		D8D3BBF821C6AEBC00D6FB97 /* Stuff */ = {
			isa = PBXGroup;
			children = (
				D84784F62614E27A00B2318B /* Extensions */,
				D84784E32614E24E00B2318B /* Core */,
				D8BDE1112551AB8100C95945 /* SwiftlySearch */,
				D8578479254FF56E00AE241C /* Interface */,
				D832EECA2481B6D1004C64E3 /* Stuff.entitlements */,
				D864E47221C9417F00EAB9AD /* Stuff-Bridging-Header.h */,
				D8D3BC0521C6AEBD00D6FB97 /* Info.plist */,
				D8D3BC0021C6AEBD00D6FB97 /* Assets.xcassets */,
				D832EEC224816764004C64E3 /* Cache */,
				D864E46521C93FB400EAB9AD /* Classes */,
				D8D3BC0221C6AEBD00D6FB97 /* LaunchScreen.storyboard */,
				D832EEC824818EF6004C64E3 /* Settings.swift */,
				D8D3E4F2254D8EBB00A72446 /* Item.swift */,
				D8BDE1172551C56100C95945 /* BookmarksApp.swift */,
			);
			path = Stuff;
			sourceTree = "<group>";
		};
		D8D3BC0D21C6AEBD00D6FB97 /* StuffTests */ = {
			isa = PBXGroup;
			children = (
				D8D3BC0E21C6AEBD00D6FB97 /* StuffTests.swift */,
				D8D3BC1021C6AEBD00D6FB97 /* Info.plist */,
			);
			path = StuffTests;
			sourceTree = "<group>";
		};
		D8D3BC1821C6AEBD00D6FB97 /* StuffUITests */ = {
			isa = PBXGroup;
			children = (
				D8D3BC1921C6AEBD00D6FB97 /* StuffUITests.swift */,
				D8D3BC1B21C6AEBD00D6FB97 /* Info.plist */,
			);
			path = StuffUITests;
			sourceTree = "<group>";
		};
/* End PBXGroup section */

/* Begin PBXNativeTarget section */
		D847849B2614E19B00B2318B /* Bookmarks */ = {
			isa = PBXNativeTarget;
			buildConfigurationList = D84784C52614E19E00B2318B /* Build configuration list for PBXNativeTarget "Bookmarks" */;
			buildPhases = (
				D84784982614E19B00B2318B /* Sources */,
				D84784992614E19B00B2318B /* Frameworks */,
				D847849A2614E19B00B2318B /* Resources */,
			);
			buildRules = (
			);
			dependencies = (
			);
			name = Bookmarks;
			productName = Bookmarks;
			productReference = D847849C2614E19B00B2318B /* Bookmarks.app */;
			productType = "com.apple.product-type.application";
		};
		D84784AC2614E19E00B2318B /* BookmarksTests */ = {
			isa = PBXNativeTarget;
			buildConfigurationList = D84784C62614E19E00B2318B /* Build configuration list for PBXNativeTarget "BookmarksTests" */;
			buildPhases = (
				D84784A92614E19E00B2318B /* Sources */,
				D84784AA2614E19E00B2318B /* Frameworks */,
				D84784AB2614E19E00B2318B /* Resources */,
			);
			buildRules = (
			);
			dependencies = (
				D84784AF2614E19E00B2318B /* PBXTargetDependency */,
			);
			name = BookmarksTests;
			productName = BookmarksTests;
			productReference = D84784AD2614E19E00B2318B /* BookmarksTests.xctest */;
			productType = "com.apple.product-type.bundle.unit-test";
		};
		D84784B72614E19E00B2318B /* BookmarksUITests */ = {
			isa = PBXNativeTarget;
			buildConfigurationList = D84784C72614E19E00B2318B /* Build configuration list for PBXNativeTarget "BookmarksUITests" */;
			buildPhases = (
				D84784B42614E19E00B2318B /* Sources */,
				D84784B52614E19E00B2318B /* Frameworks */,
				D84784B62614E19E00B2318B /* Resources */,
			);
			buildRules = (
			);
			dependencies = (
				D84784BA2614E19E00B2318B /* PBXTargetDependency */,
			);
			name = BookmarksUITests;
			productName = BookmarksUITests;
			productReference = D84784B82614E19E00B2318B /* BookmarksUITests.xctest */;
			productType = "com.apple.product-type.bundle.ui-testing";
		};
		D8D3BBF521C6AEBC00D6FB97 /* Stuff */ = {
			isa = PBXNativeTarget;
			buildConfigurationList = D8D3BC1E21C6AEBD00D6FB97 /* Build configuration list for PBXNativeTarget "Stuff" */;
			buildPhases = (
				D8D3BBF221C6AEBC00D6FB97 /* Sources */,
				D8D3BBF321C6AEBC00D6FB97 /* Frameworks */,
				D8D3BBF421C6AEBC00D6FB97 /* Resources */,
			);
			buildRules = (
			);
			dependencies = (
			);
			name = Stuff;
			packageProductDependencies = (
				D8BDE1462554782000C95945 /* Introspect */,
			);
			productName = Stuff;
			productReference = D8D3BBF621C6AEBC00D6FB97 /* Bookmarks.app */;
			productType = "com.apple.product-type.application";
		};
		D8D3BC0921C6AEBD00D6FB97 /* StuffTests */ = {
			isa = PBXNativeTarget;
			buildConfigurationList = D8D3BC2121C6AEBD00D6FB97 /* Build configuration list for PBXNativeTarget "StuffTests" */;
			buildPhases = (
				D8D3BC0621C6AEBD00D6FB97 /* Sources */,
				D8D3BC0721C6AEBD00D6FB97 /* Frameworks */,
				D8D3BC0821C6AEBD00D6FB97 /* Resources */,
			);
			buildRules = (
			);
			dependencies = (
				D8D3BC0C21C6AEBD00D6FB97 /* PBXTargetDependency */,
			);
			name = StuffTests;
			productName = StuffTests;
			productReference = D8D3BC0A21C6AEBD00D6FB97 /* StuffTests.xctest */;
			productType = "com.apple.product-type.bundle.unit-test";
		};
		D8D3BC1421C6AEBD00D6FB97 /* StuffUITests */ = {
			isa = PBXNativeTarget;
			buildConfigurationList = D8D3BC2421C6AEBD00D6FB97 /* Build configuration list for PBXNativeTarget "StuffUITests" */;
			buildPhases = (
				D8D3BC1121C6AEBD00D6FB97 /* Sources */,
				D8D3BC1221C6AEBD00D6FB97 /* Frameworks */,
				D8D3BC1321C6AEBD00D6FB97 /* Resources */,
			);
			buildRules = (
			);
			dependencies = (
				D8D3BC1721C6AEBD00D6FB97 /* PBXTargetDependency */,
			);
			name = StuffUITests;
			productName = StuffUITests;
			productReference = D8D3BC1521C6AEBD00D6FB97 /* StuffUITests.xctest */;
			productType = "com.apple.product-type.bundle.ui-testing";
		};
/* End PBXNativeTarget section */

/* Begin PBXProject section */
		D8D3BBEE21C6AEBC00D6FB97 /* Project object */ = {
			isa = PBXProject;
			attributes = {
				LastSwiftUpdateCheck = 1240;
				LastUpgradeCheck = 1010;
				ORGANIZATIONNAME = "InSeven Limited";
				TargetAttributes = {
					D847849B2614E19B00B2318B = {
						CreatedOnToolsVersion = 12.4;
					};
					D84784AC2614E19E00B2318B = {
						CreatedOnToolsVersion = 12.4;
						TestTargetID = D847849B2614E19B00B2318B;
					};
					D84784B72614E19E00B2318B = {
						CreatedOnToolsVersion = 12.4;
						TestTargetID = D847849B2614E19B00B2318B;
					};
					D8D3BBF521C6AEBC00D6FB97 = {
						CreatedOnToolsVersion = 10.1;
					};
					D8D3BC0921C6AEBD00D6FB97 = {
						CreatedOnToolsVersion = 10.1;
						TestTargetID = D8D3BBF521C6AEBC00D6FB97;
					};
					D8D3BC1421C6AEBD00D6FB97 = {
						CreatedOnToolsVersion = 10.1;
						TestTargetID = D8D3BBF521C6AEBC00D6FB97;
					};
				};
			};
			buildConfigurationList = D8D3BBF121C6AEBC00D6FB97 /* Build configuration list for PBXProject "Stuff" */;
			compatibilityVersion = "Xcode 9.3";
			developmentRegion = en;
			hasScannedForEncodings = 0;
			knownRegions = (
				en,
				Base,
			);
			mainGroup = D8D3BBED21C6AEBC00D6FB97;
			packageReferences = (
				D8BDE1452554782000C95945 /* XCRemoteSwiftPackageReference "SwiftUI-Introspect" */,
			);
			productRefGroup = D8D3BBF721C6AEBC00D6FB97 /* Products */;
			projectDirPath = "";
			projectRoot = "";
			targets = (
				D8D3BBF521C6AEBC00D6FB97 /* Stuff */,
				D8D3BC0921C6AEBD00D6FB97 /* StuffTests */,
				D8D3BC1421C6AEBD00D6FB97 /* StuffUITests */,
				D847849B2614E19B00B2318B /* Bookmarks */,
				D84784AC2614E19E00B2318B /* BookmarksTests */,
				D84784B72614E19E00B2318B /* BookmarksUITests */,
			);
		};
/* End PBXProject section */

/* Begin PBXResourcesBuildPhase section */
		D847849A2614E19B00B2318B /* Resources */ = {
			isa = PBXResourcesBuildPhase;
			buildActionMask = 2147483647;
			files = (
				D84784A62614E19E00B2318B /* Preview Assets.xcassets in Resources */,
				D84784A32614E19E00B2318B /* Assets.xcassets in Resources */,
			);
			runOnlyForDeploymentPostprocessing = 0;
		};
		D84784AB2614E19E00B2318B /* Resources */ = {
			isa = PBXResourcesBuildPhase;
			buildActionMask = 2147483647;
			files = (
			);
			runOnlyForDeploymentPostprocessing = 0;
		};
		D84784B62614E19E00B2318B /* Resources */ = {
			isa = PBXResourcesBuildPhase;
			buildActionMask = 2147483647;
			files = (
			);
			runOnlyForDeploymentPostprocessing = 0;
		};
		D8D3BBF421C6AEBC00D6FB97 /* Resources */ = {
			isa = PBXResourcesBuildPhase;
			buildActionMask = 2147483647;
			files = (
				D8D3BC0421C6AEBD00D6FB97 /* LaunchScreen.storyboard in Resources */,
				D8D3BC0121C6AEBD00D6FB97 /* Assets.xcassets in Resources */,
			);
			runOnlyForDeploymentPostprocessing = 0;
		};
		D8D3BC0821C6AEBD00D6FB97 /* Resources */ = {
			isa = PBXResourcesBuildPhase;
			buildActionMask = 2147483647;
			files = (
			);
			runOnlyForDeploymentPostprocessing = 0;
		};
		D8D3BC1321C6AEBD00D6FB97 /* Resources */ = {
			isa = PBXResourcesBuildPhase;
			buildActionMask = 2147483647;
			files = (
			);
			runOnlyForDeploymentPostprocessing = 0;
		};
/* End PBXResourcesBuildPhase section */

/* Begin PBXSourcesBuildPhase section */
		D84784982614E19B00B2318B /* Sources */ = {
			isa = PBXSourcesBuildPhase;
			buildActionMask = 2147483647;
			files = (
				D84784DC2614E1D900B2318B /* TFHpple.m in Sources */,
				D84784D52614E1CE00B2318B /* TFHppleElement.m in Sources */,
				D84784A12614E19B00B2318B /* ContentView.swift in Sources */,
				D84784CE2614E1C500B2318B /* XPathQuery.m in Sources */,
				D847849F2614E19B00B2318B /* BookmarksApp.swift in Sources */,
			);
			runOnlyForDeploymentPostprocessing = 0;
		};
		D84784A92614E19E00B2318B /* Sources */ = {
			isa = PBXSourcesBuildPhase;
			buildActionMask = 2147483647;
			files = (
				D84784B22614E19E00B2318B /* BookmarksTests.swift in Sources */,
			);
			runOnlyForDeploymentPostprocessing = 0;
		};
		D84784B42614E19E00B2318B /* Sources */ = {
			isa = PBXSourcesBuildPhase;
			buildActionMask = 2147483647;
			files = (
				D84784BD2614E19E00B2318B /* BookmarksUITests.swift in Sources */,
			);
			runOnlyForDeploymentPostprocessing = 0;
		};
		D8D3BBF221C6AEBC00D6FB97 /* Sources */ = {
			isa = PBXSourcesBuildPhase;
			buildActionMask = 2147483647;
			files = (
				D832EEC124816735004C64E3 /* FileImageCache.swift in Sources */,
				D864E46D21C93FB400EAB9AD /* TFHppleElement.m in Sources */,
				D832EEBF248166FC004C64E3 /* MemoryImageCache.swift in Sources */,
				D8AAFE51248018BC00B62492 /* ImageCache.swift in Sources */,
				D84785922615478800B2318B /* BookmarksError.swift in Sources */,
				D864E46E21C93FB400EAB9AD /* XPathQuery.m in Sources */,
				D832EEC724816901004C64E3 /* SettingsView.swift in Sources */,
				D8D3E4F3254D8EBB00A72446 /* Item.swift in Sources */,
				D81E7484254A0D1B002336DC /* ContentView.swift in Sources */,
				D8BDE1182551C56100C95945 /* BookmarksApp.swift in Sources */,
				D84785382615363200B2318B /* UIImage.swift in Sources */,
				D832EEC924818EF6004C64E3 /* Settings.swift in Sources */,
				D864E46C21C93FB400EAB9AD /* TFHpple.m in Sources */,
				D8AAFE5324804FDF00B62492 /* WebViewDownloader.swift in Sources */,
				D8D3E4F8254D957700A72446 /* View.swift in Sources */,
				D84785302615360E00B2318B /* URLComponents.swift in Sources */,
				D81D019D247B0AA200C8324B /* Store.swift in Sources */,
				D8A3A51F247C918000C3B8B4 /* ThumbnailManager.swift in Sources */,
				D8BDE1132551AB8100C95945 /* SwiftlySearch.swift in Sources */,
				D847858A2615476B00B2318B /* String.swift in Sources */,
				D84785822615474900B2318B /* SearchBoxModifier.swift in Sources */,
				D8D3BC2A21C72F7600D6FB97 /* Pinboard.swift in Sources */,
				D81D01A1247B29B500C8324B /* Updater.swift in Sources */,
				D8A131F4248C4FDA006E71BE /* DownloadManager.swift in Sources */,
				D832EEBD24816655004C64E3 /* Document.swift in Sources */,
				D81D019F247B24D600C8324B /* Utilities.swift in Sources */,
				D847855C26153A5000B2318B /* BookmarkCell.swift in Sources */,
				D8478554261539AA00B2318B /* BookmarksView.swift in Sources */,
				D8D3E4FD254E753F00A72446 /* NSCoder.swift in Sources */,
			);
			runOnlyForDeploymentPostprocessing = 0;
		};
		D8D3BC0621C6AEBD00D6FB97 /* Sources */ = {
			isa = PBXSourcesBuildPhase;
			buildActionMask = 2147483647;
			files = (
				D8D3BC0F21C6AEBD00D6FB97 /* StuffTests.swift in Sources */,
			);
			runOnlyForDeploymentPostprocessing = 0;
		};
		D8D3BC1121C6AEBD00D6FB97 /* Sources */ = {
			isa = PBXSourcesBuildPhase;
			buildActionMask = 2147483647;
			files = (
				D8D3BC1A21C6AEBD00D6FB97 /* StuffUITests.swift in Sources */,
			);
			runOnlyForDeploymentPostprocessing = 0;
		};
/* End PBXSourcesBuildPhase section */

/* Begin PBXTargetDependency section */
		D84784AF2614E19E00B2318B /* PBXTargetDependency */ = {
			isa = PBXTargetDependency;
			target = D847849B2614E19B00B2318B /* Bookmarks */;
			targetProxy = D84784AE2614E19E00B2318B /* PBXContainerItemProxy */;
		};
		D84784BA2614E19E00B2318B /* PBXTargetDependency */ = {
			isa = PBXTargetDependency;
			target = D847849B2614E19B00B2318B /* Bookmarks */;
			targetProxy = D84784B92614E19E00B2318B /* PBXContainerItemProxy */;
		};
		D8D3BC0C21C6AEBD00D6FB97 /* PBXTargetDependency */ = {
			isa = PBXTargetDependency;
			target = D8D3BBF521C6AEBC00D6FB97 /* Stuff */;
			targetProxy = D8D3BC0B21C6AEBD00D6FB97 /* PBXContainerItemProxy */;
		};
		D8D3BC1721C6AEBD00D6FB97 /* PBXTargetDependency */ = {
			isa = PBXTargetDependency;
			target = D8D3BBF521C6AEBC00D6FB97 /* Stuff */;
			targetProxy = D8D3BC1621C6AEBD00D6FB97 /* PBXContainerItemProxy */;
		};
/* End PBXTargetDependency section */

/* Begin PBXVariantGroup section */
		D8D3BC0221C6AEBD00D6FB97 /* LaunchScreen.storyboard */ = {
			isa = PBXVariantGroup;
			children = (
				D8D3BC0321C6AEBD00D6FB97 /* Base */,
			);
			name = LaunchScreen.storyboard;
			sourceTree = "<group>";
		};
/* End PBXVariantGroup section */

/* Begin XCBuildConfiguration section */
		D84784BF2614E19E00B2318B /* Debug */ = {
			isa = XCBuildConfiguration;
			buildSettings = {
				ASSETCATALOG_COMPILER_APPICON_NAME = AppIcon;
				ASSETCATALOG_COMPILER_GLOBAL_ACCENT_COLOR_NAME = AccentColor;
				CLANG_WARN_QUOTED_INCLUDE_IN_FRAMEWORK_HEADER = YES;
				CODE_SIGN_ENTITLEMENTS = Bookmarks/Bookmarks.entitlements;
				CODE_SIGN_STYLE = Automatic;
				COMBINE_HIDPI_IMAGES = YES;
				DEVELOPMENT_ASSET_PATHS = "\"Bookmarks/Preview Content\"";
				DEVELOPMENT_TEAM = S4WXAUZQEV;
				ENABLE_HARDENED_RUNTIME = YES;
				ENABLE_PREVIEWS = YES;
				INFOPLIST_FILE = Bookmarks/Info.plist;
				LD_RUNPATH_SEARCH_PATHS = (
					"$(inherited)",
					"@executable_path/../Frameworks",
				);
				MACOSX_DEPLOYMENT_TARGET = 11.1;
				PRODUCT_BUNDLE_IDENTIFIER = uk.co.inseven.Bookmarks;
				PRODUCT_NAME = "$(TARGET_NAME)";
				SDKROOT = macosx;
				SWIFT_VERSION = 5.0;
			};
			name = Debug;
		};
		D84784C02614E19E00B2318B /* Release */ = {
			isa = XCBuildConfiguration;
			buildSettings = {
				ASSETCATALOG_COMPILER_APPICON_NAME = AppIcon;
				ASSETCATALOG_COMPILER_GLOBAL_ACCENT_COLOR_NAME = AccentColor;
				CLANG_WARN_QUOTED_INCLUDE_IN_FRAMEWORK_HEADER = YES;
				CODE_SIGN_ENTITLEMENTS = Bookmarks/Bookmarks.entitlements;
				CODE_SIGN_STYLE = Automatic;
				COMBINE_HIDPI_IMAGES = YES;
				DEVELOPMENT_ASSET_PATHS = "\"Bookmarks/Preview Content\"";
				DEVELOPMENT_TEAM = S4WXAUZQEV;
				ENABLE_HARDENED_RUNTIME = YES;
				ENABLE_PREVIEWS = YES;
				INFOPLIST_FILE = Bookmarks/Info.plist;
				LD_RUNPATH_SEARCH_PATHS = (
					"$(inherited)",
					"@executable_path/../Frameworks",
				);
				MACOSX_DEPLOYMENT_TARGET = 11.1;
				PRODUCT_BUNDLE_IDENTIFIER = uk.co.inseven.Bookmarks;
				PRODUCT_NAME = "$(TARGET_NAME)";
				SDKROOT = macosx;
				SWIFT_VERSION = 5.0;
			};
			name = Release;
		};
		D84784C12614E19E00B2318B /* Debug */ = {
			isa = XCBuildConfiguration;
			buildSettings = {
				ALWAYS_EMBED_SWIFT_STANDARD_LIBRARIES = YES;
				BUNDLE_LOADER = "$(TEST_HOST)";
				CLANG_WARN_QUOTED_INCLUDE_IN_FRAMEWORK_HEADER = YES;
				CODE_SIGN_STYLE = Automatic;
				COMBINE_HIDPI_IMAGES = YES;
				DEVELOPMENT_TEAM = S4WXAUZQEV;
				INFOPLIST_FILE = BookmarksTests/Info.plist;
				LD_RUNPATH_SEARCH_PATHS = (
					"$(inherited)",
					"@executable_path/../Frameworks",
					"@loader_path/../Frameworks",
				);
				MACOSX_DEPLOYMENT_TARGET = 11.1;
				PRODUCT_BUNDLE_IDENTIFIER = uk.co.inseven.BookmarksTests;
				PRODUCT_NAME = "$(TARGET_NAME)";
				SDKROOT = macosx;
				SWIFT_VERSION = 5.0;
				TEST_HOST = "$(BUILT_PRODUCTS_DIR)/Bookmarks.app/Contents/MacOS/Bookmarks";
			};
			name = Debug;
		};
		D84784C22614E19E00B2318B /* Release */ = {
			isa = XCBuildConfiguration;
			buildSettings = {
				ALWAYS_EMBED_SWIFT_STANDARD_LIBRARIES = YES;
				BUNDLE_LOADER = "$(TEST_HOST)";
				CLANG_WARN_QUOTED_INCLUDE_IN_FRAMEWORK_HEADER = YES;
				CODE_SIGN_STYLE = Automatic;
				COMBINE_HIDPI_IMAGES = YES;
				DEVELOPMENT_TEAM = S4WXAUZQEV;
				INFOPLIST_FILE = BookmarksTests/Info.plist;
				LD_RUNPATH_SEARCH_PATHS = (
					"$(inherited)",
					"@executable_path/../Frameworks",
					"@loader_path/../Frameworks",
				);
				MACOSX_DEPLOYMENT_TARGET = 11.1;
				PRODUCT_BUNDLE_IDENTIFIER = uk.co.inseven.BookmarksTests;
				PRODUCT_NAME = "$(TARGET_NAME)";
				SDKROOT = macosx;
				SWIFT_VERSION = 5.0;
				TEST_HOST = "$(BUILT_PRODUCTS_DIR)/Bookmarks.app/Contents/MacOS/Bookmarks";
			};
			name = Release;
		};
		D84784C32614E19E00B2318B /* Debug */ = {
			isa = XCBuildConfiguration;
			buildSettings = {
				ALWAYS_EMBED_SWIFT_STANDARD_LIBRARIES = YES;
				CLANG_WARN_QUOTED_INCLUDE_IN_FRAMEWORK_HEADER = YES;
				CODE_SIGN_STYLE = Automatic;
				COMBINE_HIDPI_IMAGES = YES;
				DEVELOPMENT_TEAM = S4WXAUZQEV;
				INFOPLIST_FILE = BookmarksUITests/Info.plist;
				LD_RUNPATH_SEARCH_PATHS = (
					"$(inherited)",
					"@executable_path/../Frameworks",
					"@loader_path/../Frameworks",
				);
				MACOSX_DEPLOYMENT_TARGET = 11.1;
				PRODUCT_BUNDLE_IDENTIFIER = uk.co.inseven.BookmarksUITests;
				PRODUCT_NAME = "$(TARGET_NAME)";
				SDKROOT = macosx;
				SWIFT_VERSION = 5.0;
				TEST_TARGET_NAME = Bookmarks;
			};
			name = Debug;
		};
		D84784C42614E19E00B2318B /* Release */ = {
			isa = XCBuildConfiguration;
			buildSettings = {
				ALWAYS_EMBED_SWIFT_STANDARD_LIBRARIES = YES;
				CLANG_WARN_QUOTED_INCLUDE_IN_FRAMEWORK_HEADER = YES;
				CODE_SIGN_STYLE = Automatic;
				COMBINE_HIDPI_IMAGES = YES;
				DEVELOPMENT_TEAM = S4WXAUZQEV;
				INFOPLIST_FILE = BookmarksUITests/Info.plist;
				LD_RUNPATH_SEARCH_PATHS = (
					"$(inherited)",
					"@executable_path/../Frameworks",
					"@loader_path/../Frameworks",
				);
				MACOSX_DEPLOYMENT_TARGET = 11.1;
				PRODUCT_BUNDLE_IDENTIFIER = uk.co.inseven.BookmarksUITests;
				PRODUCT_NAME = "$(TARGET_NAME)";
				SDKROOT = macosx;
				SWIFT_VERSION = 5.0;
				TEST_TARGET_NAME = Bookmarks;
			};
			name = Release;
		};
		D8D3BC1C21C6AEBD00D6FB97 /* Debug */ = {
			isa = XCBuildConfiguration;
			buildSettings = {
				ALWAYS_SEARCH_USER_PATHS = NO;
				CLANG_ANALYZER_NONNULL = YES;
				CLANG_ANALYZER_NUMBER_OBJECT_CONVERSION = YES_AGGRESSIVE;
				CLANG_CXX_LANGUAGE_STANDARD = "gnu++14";
				CLANG_CXX_LIBRARY = "libc++";
				CLANG_ENABLE_MODULES = YES;
				CLANG_ENABLE_OBJC_ARC = YES;
				CLANG_ENABLE_OBJC_WEAK = YES;
				CLANG_WARN_BLOCK_CAPTURE_AUTORELEASING = YES;
				CLANG_WARN_BOOL_CONVERSION = YES;
				CLANG_WARN_COMMA = YES;
				CLANG_WARN_CONSTANT_CONVERSION = YES;
				CLANG_WARN_DEPRECATED_OBJC_IMPLEMENTATIONS = YES;
				CLANG_WARN_DIRECT_OBJC_ISA_USAGE = YES_ERROR;
				CLANG_WARN_DOCUMENTATION_COMMENTS = YES;
				CLANG_WARN_EMPTY_BODY = YES;
				CLANG_WARN_ENUM_CONVERSION = YES;
				CLANG_WARN_INFINITE_RECURSION = YES;
				CLANG_WARN_INT_CONVERSION = YES;
				CLANG_WARN_NON_LITERAL_NULL_CONVERSION = YES;
				CLANG_WARN_OBJC_IMPLICIT_RETAIN_SELF = YES;
				CLANG_WARN_OBJC_LITERAL_CONVERSION = YES;
				CLANG_WARN_OBJC_ROOT_CLASS = YES_ERROR;
				CLANG_WARN_RANGE_LOOP_ANALYSIS = YES;
				CLANG_WARN_STRICT_PROTOTYPES = YES;
				CLANG_WARN_SUSPICIOUS_MOVE = YES;
				CLANG_WARN_UNGUARDED_AVAILABILITY = YES_AGGRESSIVE;
				CLANG_WARN_UNREACHABLE_CODE = YES;
				CLANG_WARN__DUPLICATE_METHOD_MATCH = YES;
				CODE_SIGN_IDENTITY = "iPhone Developer";
				COPY_PHASE_STRIP = NO;
				DEBUG_INFORMATION_FORMAT = dwarf;
				ENABLE_STRICT_OBJC_MSGSEND = YES;
				ENABLE_TESTABILITY = YES;
				GCC_C_LANGUAGE_STANDARD = gnu11;
				GCC_DYNAMIC_NO_PIC = NO;
				GCC_NO_COMMON_BLOCKS = YES;
				GCC_OPTIMIZATION_LEVEL = 0;
				GCC_PREPROCESSOR_DEFINITIONS = (
					"DEBUG=1",
					"$(inherited)",
				);
				GCC_WARN_64_TO_32_BIT_CONVERSION = YES;
				GCC_WARN_ABOUT_RETURN_TYPE = YES_ERROR;
				GCC_WARN_UNDECLARED_SELECTOR = YES;
				GCC_WARN_UNINITIALIZED_AUTOS = YES_AGGRESSIVE;
				GCC_WARN_UNUSED_FUNCTION = YES;
				GCC_WARN_UNUSED_VARIABLE = YES;
				HEADER_SEARCH_PATHS = "$(SDKROOT)/usr/include/libxml2";
				IPHONEOS_DEPLOYMENT_TARGET = 14.1;
				MTL_ENABLE_DEBUG_INFO = INCLUDE_SOURCE;
				MTL_FAST_MATH = YES;
				ONLY_ACTIVE_ARCH = YES;
				SDKROOT = iphoneos;
				SWIFT_ACTIVE_COMPILATION_CONDITIONS = DEBUG;
				SWIFT_OPTIMIZATION_LEVEL = "-Onone";
			};
			name = Debug;
		};
		D8D3BC1D21C6AEBD00D6FB97 /* Release */ = {
			isa = XCBuildConfiguration;
			buildSettings = {
				ALWAYS_SEARCH_USER_PATHS = NO;
				CLANG_ANALYZER_NONNULL = YES;
				CLANG_ANALYZER_NUMBER_OBJECT_CONVERSION = YES_AGGRESSIVE;
				CLANG_CXX_LANGUAGE_STANDARD = "gnu++14";
				CLANG_CXX_LIBRARY = "libc++";
				CLANG_ENABLE_MODULES = YES;
				CLANG_ENABLE_OBJC_ARC = YES;
				CLANG_ENABLE_OBJC_WEAK = YES;
				CLANG_WARN_BLOCK_CAPTURE_AUTORELEASING = YES;
				CLANG_WARN_BOOL_CONVERSION = YES;
				CLANG_WARN_COMMA = YES;
				CLANG_WARN_CONSTANT_CONVERSION = YES;
				CLANG_WARN_DEPRECATED_OBJC_IMPLEMENTATIONS = YES;
				CLANG_WARN_DIRECT_OBJC_ISA_USAGE = YES_ERROR;
				CLANG_WARN_DOCUMENTATION_COMMENTS = YES;
				CLANG_WARN_EMPTY_BODY = YES;
				CLANG_WARN_ENUM_CONVERSION = YES;
				CLANG_WARN_INFINITE_RECURSION = YES;
				CLANG_WARN_INT_CONVERSION = YES;
				CLANG_WARN_NON_LITERAL_NULL_CONVERSION = YES;
				CLANG_WARN_OBJC_IMPLICIT_RETAIN_SELF = YES;
				CLANG_WARN_OBJC_LITERAL_CONVERSION = YES;
				CLANG_WARN_OBJC_ROOT_CLASS = YES_ERROR;
				CLANG_WARN_RANGE_LOOP_ANALYSIS = YES;
				CLANG_WARN_STRICT_PROTOTYPES = YES;
				CLANG_WARN_SUSPICIOUS_MOVE = YES;
				CLANG_WARN_UNGUARDED_AVAILABILITY = YES_AGGRESSIVE;
				CLANG_WARN_UNREACHABLE_CODE = YES;
				CLANG_WARN__DUPLICATE_METHOD_MATCH = YES;
				CODE_SIGN_IDENTITY = "iPhone Developer";
				COPY_PHASE_STRIP = NO;
				DEBUG_INFORMATION_FORMAT = "dwarf-with-dsym";
				ENABLE_NS_ASSERTIONS = NO;
				ENABLE_STRICT_OBJC_MSGSEND = YES;
				GCC_C_LANGUAGE_STANDARD = gnu11;
				GCC_NO_COMMON_BLOCKS = YES;
				GCC_WARN_64_TO_32_BIT_CONVERSION = YES;
				GCC_WARN_ABOUT_RETURN_TYPE = YES_ERROR;
				GCC_WARN_UNDECLARED_SELECTOR = YES;
				GCC_WARN_UNINITIALIZED_AUTOS = YES_AGGRESSIVE;
				GCC_WARN_UNUSED_FUNCTION = YES;
				GCC_WARN_UNUSED_VARIABLE = YES;
				HEADER_SEARCH_PATHS = "$(SDKROOT)/usr/include/libxml2";
				IPHONEOS_DEPLOYMENT_TARGET = 14.1;
				MTL_ENABLE_DEBUG_INFO = NO;
				MTL_FAST_MATH = YES;
				SDKROOT = iphoneos;
				SWIFT_COMPILATION_MODE = wholemodule;
				SWIFT_OPTIMIZATION_LEVEL = "-O";
				VALIDATE_PRODUCT = YES;
			};
			name = Release;
		};
		D8D3BC1F21C6AEBD00D6FB97 /* Debug */ = {
			isa = XCBuildConfiguration;
			buildSettings = {
				ASSETCATALOG_COMPILER_APPICON_NAME = AppIcon;
				CODE_SIGN_ENTITLEMENTS = Stuff/Stuff.entitlements;
				CODE_SIGN_STYLE = Automatic;
				CURRENT_PROJECT_VERSION = 8;
				DEVELOPMENT_TEAM = S4WXAUZQEV;
				INFOPLIST_FILE = Stuff/Info.plist;
				IPHONEOS_DEPLOYMENT_TARGET = 14.0;
				LD_RUNPATH_SEARCH_PATHS = (
					"$(inherited)",
					"@executable_path/Frameworks",
				);
				PRODUCT_BUNDLE_IDENTIFIER = uk.co.inseven.bookmarks;
				PRODUCT_NAME = Bookmarks;
				SUPPORTS_MACCATALYST = YES;
				SUPPORTS_MAC_DESIGNED_FOR_IPHONE_IPAD = NO;
				SWIFT_OBJC_BRIDGING_HEADER = "$(SRCROOT)/Stuff/Stuff-Bridging-Header.h";
				SWIFT_VERSION = 5.0;
				TARGETED_DEVICE_FAMILY = "1,2,6";
			};
			name = Debug;
		};
		D8D3BC2021C6AEBD00D6FB97 /* Release */ = {
			isa = XCBuildConfiguration;
			buildSettings = {
				ASSETCATALOG_COMPILER_APPICON_NAME = AppIcon;
				CODE_SIGN_ENTITLEMENTS = Stuff/Stuff.entitlements;
				CODE_SIGN_STYLE = Automatic;
				CURRENT_PROJECT_VERSION = 8;
				DEVELOPMENT_TEAM = S4WXAUZQEV;
				INFOPLIST_FILE = Stuff/Info.plist;
				IPHONEOS_DEPLOYMENT_TARGET = 14.0;
				LD_RUNPATH_SEARCH_PATHS = (
					"$(inherited)",
					"@executable_path/Frameworks",
				);
				PRODUCT_BUNDLE_IDENTIFIER = uk.co.inseven.bookmarks;
				PRODUCT_NAME = Bookmarks;
				SUPPORTS_MACCATALYST = YES;
				SUPPORTS_MAC_DESIGNED_FOR_IPHONE_IPAD = NO;
				SWIFT_OBJC_BRIDGING_HEADER = "$(SRCROOT)/Stuff/Stuff-Bridging-Header.h";
				SWIFT_VERSION = 5.0;
				TARGETED_DEVICE_FAMILY = "1,2,6";
			};
			name = Release;
		};
		D8D3BC2221C6AEBD00D6FB97 /* Debug */ = {
			isa = XCBuildConfiguration;
			buildSettings = {
				ALWAYS_EMBED_SWIFT_STANDARD_LIBRARIES = YES;
				BUNDLE_LOADER = "$(TEST_HOST)";
				CODE_SIGN_STYLE = Automatic;
				DEVELOPMENT_TEAM = S4WXAUZQEV;
				INFOPLIST_FILE = StuffTests/Info.plist;
				LD_RUNPATH_SEARCH_PATHS = (
					"$(inherited)",
					"@executable_path/Frameworks",
					"@loader_path/Frameworks",
				);
				PRODUCT_BUNDLE_IDENTIFIER = uk.co.inseven.StuffTests;
				PRODUCT_NAME = "$(TARGET_NAME)";
				SWIFT_VERSION = 4.2;
				TARGETED_DEVICE_FAMILY = "1,2";
				TEST_HOST = "$(BUILT_PRODUCTS_DIR)/Bookmarks.app/Bookmarks";
			};
			name = Debug;
		};
		D8D3BC2321C6AEBD00D6FB97 /* Release */ = {
			isa = XCBuildConfiguration;
			buildSettings = {
				ALWAYS_EMBED_SWIFT_STANDARD_LIBRARIES = YES;
				BUNDLE_LOADER = "$(TEST_HOST)";
				CODE_SIGN_STYLE = Automatic;
				DEVELOPMENT_TEAM = S4WXAUZQEV;
				INFOPLIST_FILE = StuffTests/Info.plist;
				LD_RUNPATH_SEARCH_PATHS = (
					"$(inherited)",
					"@executable_path/Frameworks",
					"@loader_path/Frameworks",
				);
				PRODUCT_BUNDLE_IDENTIFIER = uk.co.inseven.StuffTests;
				PRODUCT_NAME = "$(TARGET_NAME)";
				SWIFT_VERSION = 4.2;
				TARGETED_DEVICE_FAMILY = "1,2";
				TEST_HOST = "$(BUILT_PRODUCTS_DIR)/Bookmarks.app/Bookmarks";
			};
			name = Release;
		};
		D8D3BC2521C6AEBD00D6FB97 /* Debug */ = {
			isa = XCBuildConfiguration;
			buildSettings = {
				ALWAYS_EMBED_SWIFT_STANDARD_LIBRARIES = YES;
				CODE_SIGN_STYLE = Automatic;
				DEVELOPMENT_TEAM = S4WXAUZQEV;
				INFOPLIST_FILE = StuffUITests/Info.plist;
				LD_RUNPATH_SEARCH_PATHS = (
					"$(inherited)",
					"@executable_path/Frameworks",
					"@loader_path/Frameworks",
				);
				PRODUCT_BUNDLE_IDENTIFIER = uk.co.inseven.StuffUITests;
				PRODUCT_NAME = "$(TARGET_NAME)";
				SWIFT_VERSION = 4.2;
				TARGETED_DEVICE_FAMILY = "1,2";
				TEST_TARGET_NAME = Stuff;
			};
			name = Debug;
		};
		D8D3BC2621C6AEBD00D6FB97 /* Release */ = {
			isa = XCBuildConfiguration;
			buildSettings = {
				ALWAYS_EMBED_SWIFT_STANDARD_LIBRARIES = YES;
				CODE_SIGN_STYLE = Automatic;
				DEVELOPMENT_TEAM = S4WXAUZQEV;
				INFOPLIST_FILE = StuffUITests/Info.plist;
				LD_RUNPATH_SEARCH_PATHS = (
					"$(inherited)",
					"@executable_path/Frameworks",
					"@loader_path/Frameworks",
				);
				PRODUCT_BUNDLE_IDENTIFIER = uk.co.inseven.StuffUITests;
				PRODUCT_NAME = "$(TARGET_NAME)";
				SWIFT_VERSION = 4.2;
				TARGETED_DEVICE_FAMILY = "1,2";
				TEST_TARGET_NAME = Stuff;
			};
			name = Release;
		};
/* End XCBuildConfiguration section */

/* Begin XCConfigurationList section */
		D84784C52614E19E00B2318B /* Build configuration list for PBXNativeTarget "Bookmarks" */ = {
			isa = XCConfigurationList;
			buildConfigurations = (
				D84784BF2614E19E00B2318B /* Debug */,
				D84784C02614E19E00B2318B /* Release */,
			);
			defaultConfigurationIsVisible = 0;
			defaultConfigurationName = Release;
		};
		D84784C62614E19E00B2318B /* Build configuration list for PBXNativeTarget "BookmarksTests" */ = {
			isa = XCConfigurationList;
			buildConfigurations = (
				D84784C12614E19E00B2318B /* Debug */,
				D84784C22614E19E00B2318B /* Release */,
			);
			defaultConfigurationIsVisible = 0;
			defaultConfigurationName = Release;
		};
		D84784C72614E19E00B2318B /* Build configuration list for PBXNativeTarget "BookmarksUITests" */ = {
			isa = XCConfigurationList;
			buildConfigurations = (
				D84784C32614E19E00B2318B /* Debug */,
				D84784C42614E19E00B2318B /* Release */,
			);
			defaultConfigurationIsVisible = 0;
			defaultConfigurationName = Release;
		};
		D8D3BBF121C6AEBC00D6FB97 /* Build configuration list for PBXProject "Stuff" */ = {
			isa = XCConfigurationList;
			buildConfigurations = (
				D8D3BC1C21C6AEBD00D6FB97 /* Debug */,
				D8D3BC1D21C6AEBD00D6FB97 /* Release */,
			);
			defaultConfigurationIsVisible = 0;
			defaultConfigurationName = Release;
		};
		D8D3BC1E21C6AEBD00D6FB97 /* Build configuration list for PBXNativeTarget "Stuff" */ = {
			isa = XCConfigurationList;
			buildConfigurations = (
				D8D3BC1F21C6AEBD00D6FB97 /* Debug */,
				D8D3BC2021C6AEBD00D6FB97 /* Release */,
			);
			defaultConfigurationIsVisible = 0;
			defaultConfigurationName = Release;
		};
		D8D3BC2121C6AEBD00D6FB97 /* Build configuration list for PBXNativeTarget "StuffTests" */ = {
			isa = XCConfigurationList;
			buildConfigurations = (
				D8D3BC2221C6AEBD00D6FB97 /* Debug */,
				D8D3BC2321C6AEBD00D6FB97 /* Release */,
			);
			defaultConfigurationIsVisible = 0;
			defaultConfigurationName = Release;
		};
		D8D3BC2421C6AEBD00D6FB97 /* Build configuration list for PBXNativeTarget "StuffUITests" */ = {
			isa = XCConfigurationList;
			buildConfigurations = (
				D8D3BC2521C6AEBD00D6FB97 /* Debug */,
				D8D3BC2621C6AEBD00D6FB97 /* Release */,
			);
			defaultConfigurationIsVisible = 0;
			defaultConfigurationName = Release;
		};
/* End XCConfigurationList section */

/* Begin XCRemoteSwiftPackageReference section */
		D8BDE1452554782000C95945 /* XCRemoteSwiftPackageReference "SwiftUI-Introspect" */ = {
			isa = XCRemoteSwiftPackageReference;
			repositoryURL = "https://github.com/siteline/SwiftUI-Introspect.git";
			requirement = {
				kind = upToNextMajorVersion;
				minimumVersion = 0.1.1;
			};
		};
/* End XCRemoteSwiftPackageReference section */

/* Begin XCSwiftPackageProductDependency section */
		D8BDE1462554782000C95945 /* Introspect */ = {
			isa = XCSwiftPackageProductDependency;
			package = D8BDE1452554782000C95945 /* XCRemoteSwiftPackageReference "SwiftUI-Introspect" */;
			productName = Introspect;
		};
/* End XCSwiftPackageProductDependency section */
	};
	rootObject = D8D3BBEE21C6AEBC00D6FB97 /* Project object */;
}
