{
  "object": {
    "pins": [
      {
        "package": "HashRainbow",
        "repositoryURL": "https://github.com/saramah/HashRainbow.git",
        "state": {
          "branch": "main",
          "revision": "3eb3d2ce3b3fce35bcde312ed074a9c237d714ab",
          "version": null
        }
      },
      {
        "package": "SwiftDocCPlugin",
        "repositoryURL": "https://github.com/apple/swift-docc-plugin",
        "state": {
          "branch": null,
          "revision": "9b1258905c21fc1b97bf03d1b4ca12c4ec4e5fda",
          "version": "1.2.0"
        }
      },
      {
        "package": "SymbolKit",
        "repositoryURL": "https://github.com/apple/swift-docc-symbolkit",
        "state": {
          "branch": null,
          "revision": "b45d1f2ed151d057b54504d653e0da5552844e34",
          "version": "1.0.0"
        }
      },
      {
        "package": "WrappingHStack",
        "repositoryURL": "https://github.com/ksemianov/WrappingHStack.git",
        "state": {
          "branch": "main",
          "revision": "7b48e1f19d337cf934d725bff54cac9519e285d8",
          "version": null
        }
      }
    ]
  },
  "version": 1
}
