{
  "object": {
    "pins": [
      {
        "package": "HashRainbow",
        "repositoryURL": "https://github.com/saramah/HashRainbow.git",
        "state": {
          "branch": "main",
          "revision": "3eb3d2ce3b3fce35bcde312ed074a9c237d714ab",
          "version": null
        }
      },
      {
        "package": "SwiftDocCPlugin",
        "repositoryURL": "https://github.com/apple/swift-docc-plugin",
        "state": {
          "branch": null,
          "revision": "26ac5758409154cc448d7ab82389c520fa8a8247",
          "version": "1.3.0"
        }
      },
      {
        "package": "SymbolKit",
        "repositoryURL": "https://github.com/apple/swift-docc-symbolkit",
        "state": {
          "branch": null,
          "revision": "b45d1f2ed151d057b54504d653e0da5552844e34",
          "version": "1.0.0"
        }
      },
      {
        "package": "SwiftSoup",
        "repositoryURL": "https://github.com/scinfu/SwiftSoup.git",
        "state": {
          "branch": null,
          "revision": "8b6cf29eead8841a1fa7822481cb3af4ddaadba6",
          "version": "2.6.1"
        }
      },
      {
        "package": "WrappingHStack",
        "repositoryURL": "https://github.com/ksemianov/WrappingHStack.git",
        "state": {
          "branch": "main",
          "revision": "7b48e1f19d337cf934d725bff54cac9519e285d8",
          "version": null
        }
      }
    ]
  },
  "version": 1
}
