// !$*UTF8*$!
{
	archiveVersion = 1;
	classes = {
	};
	objectVersion = 54;
	objects = {

/* Begin PBXBuildFile section */
		D83D15532A267533000B70BF /* SafariExtensionHandler.swift in Sources */ = {isa = PBXBuildFile; fileRef = D83D15522A267533000B70BF /* SafariExtensionHandler.swift */; };
		D83D15552A267533000B70BF /* SafariExtensionViewController.swift in Sources */ = {isa = PBXBuildFile; fileRef = D83D15542A267533000B70BF /* SafariExtensionViewController.swift */; };
		D83D15582A267533000B70BF /* script.js in Resources */ = {isa = PBXBuildFile; fileRef = D83D15572A267533000B70BF /* script.js */; };
		D83D155A2A267533000B70BF /* ToolbarItemIcon.pdf in Resources */ = {isa = PBXBuildFile; fileRef = D83D15592A267533000B70BF /* ToolbarItemIcon.pdf */; };
		D83D155D2A267533000B70BF /* SafariExtensionViewController.xib in Resources */ = {isa = PBXBuildFile; fileRef = D83D155B2A267533000B70BF /* SafariExtensionViewController.xib */; };
		D83D15622A267533000B70BF /* Bookmarks for Safari.appex in Embed Foundation Extensions */ = {isa = PBXBuildFile; fileRef = D83D15502A267533000B70BF /* Bookmarks for Safari.appex */; settings = {ATTRIBUTES = (RemoveHeadersOnCopy, ); }; };
		D83D15682A26782F000B70BF /* BookmarksCore in Frameworks */ = {isa = PBXBuildFile; productRef = D83D15672A26782F000B70BF /* BookmarksCore */; };
		D83D156D2A267A0F000B70BF /* ContentView.swift in Sources */ = {isa = PBXBuildFile; fileRef = D83D15692A26793F000B70BF /* ContentView.swift */; };
		D83D156E2A267A12000B70BF /* HostedContentView.swift in Sources */ = {isa = PBXBuildFile; fileRef = D83D156B2A267940000B70BF /* HostedContentView.swift */; };
		D840B00A2621042B001E95D1 /* SettingsView.swift in Sources */ = {isa = PBXBuildFile; fileRef = D840B0092621042B001E95D1 /* SettingsView.swift */; };
		D891C454261E32F90024E1A6 /* BookmarksApp.swift in Sources */ = {isa = PBXBuildFile; fileRef = D891C453261E32F90024E1A6 /* BookmarksApp.swift */; };
		D891C458261E32FB0024E1A6 /* Assets.xcassets in Resources */ = {isa = PBXBuildFile; fileRef = D891C457261E32FB0024E1A6 /* Assets.xcassets */; };
		D891C45B261E32FB0024E1A6 /* Preview Assets.xcassets in Resources */ = {isa = PBXBuildFile; fileRef = D891C45A261E32FB0024E1A6 /* Preview Assets.xcassets */; };
		D891C467261E32FB0024E1A6 /* BookmarksTests.swift in Sources */ = {isa = PBXBuildFile; fileRef = D891C466261E32FB0024E1A6 /* BookmarksTests.swift */; };
		D891C472261E32FB0024E1A6 /* BookmarksUITests.swift in Sources */ = {isa = PBXBuildFile; fileRef = D891C471261E32FB0024E1A6 /* BookmarksUITests.swift */; };
		D8A0D7662620165D00C9F190 /* Interact in Frameworks */ = {isa = PBXBuildFile; productRef = D8A0D7652620165D00C9F190 /* Interact */; };
		D8C8584429560700004EB23E /* SelectableCollectionView in Frameworks */ = {isa = PBXBuildFile; productRef = D8C8584329560700004EB23E /* SelectableCollectionView */; };
		D8D356D32955F06D0020C81C /* BookmarksCore in Frameworks */ = {isa = PBXBuildFile; productRef = D8D356D22955F06D0020C81C /* BookmarksCore */; };
		D8FF9E9228A75D400081E57A /* Diligence in Frameworks */ = {isa = PBXBuildFile; productRef = D8FF9E9128A75D400081E57A /* Diligence */; };
/* End PBXBuildFile section */

/* Begin PBXContainerItemProxy section */
		D83D15602A267533000B70BF /* PBXContainerItemProxy */ = {
			isa = PBXContainerItemProxy;
			containerPortal = D891C448261E32F90024E1A6 /* Project object */;
			proxyType = 1;
			remoteGlobalIDString = D83D154F2A267533000B70BF;
			remoteInfo = SafariExtension;
		};
		D891C463261E32FB0024E1A6 /* PBXContainerItemProxy */ = {
			isa = PBXContainerItemProxy;
			containerPortal = D891C448261E32F90024E1A6 /* Project object */;
			proxyType = 1;
			remoteGlobalIDString = D891C44F261E32F90024E1A6;
			remoteInfo = Bookmarks;
		};
		D891C46E261E32FB0024E1A6 /* PBXContainerItemProxy */ = {
			isa = PBXContainerItemProxy;
			containerPortal = D891C448261E32F90024E1A6 /* Project object */;
			proxyType = 1;
			remoteGlobalIDString = D891C44F261E32F90024E1A6;
			remoteInfo = Bookmarks;
		};
/* End PBXContainerItemProxy section */

/* Begin PBXCopyFilesBuildPhase section */
		D83D15632A267533000B70BF /* Embed Foundation Extensions */ = {
			isa = PBXCopyFilesBuildPhase;
			buildActionMask = 2147483647;
			dstPath = "";
			dstSubfolderSpec = 13;
			files = (
				D83D15622A267533000B70BF /* Bookmarks for Safari.appex in Embed Foundation Extensions */,
			);
			name = "Embed Foundation Extensions";
			runOnlyForDeploymentPostprocessing = 0;
		};
/* End PBXCopyFilesBuildPhase section */

/* Begin PBXFileReference section */
		D83D15502A267533000B70BF /* Bookmarks for Safari.appex */ = {isa = PBXFileReference; explicitFileType = "wrapper.app-extension"; includeInIndex = 0; path = "Bookmarks for Safari.appex"; sourceTree = BUILT_PRODUCTS_DIR; };
		D83D15522A267533000B70BF /* SafariExtensionHandler.swift */ = {isa = PBXFileReference; lastKnownFileType = sourcecode.swift; path = SafariExtensionHandler.swift; sourceTree = "<group>"; };
		D83D15542A267533000B70BF /* SafariExtensionViewController.swift */ = {isa = PBXFileReference; lastKnownFileType = sourcecode.swift; path = SafariExtensionViewController.swift; sourceTree = "<group>"; };
		D83D15572A267533000B70BF /* script.js */ = {isa = PBXFileReference; lastKnownFileType = sourcecode.javascript; path = script.js; sourceTree = "<group>"; };
		D83D15592A267533000B70BF /* ToolbarItemIcon.pdf */ = {isa = PBXFileReference; lastKnownFileType = image.pdf; path = ToolbarItemIcon.pdf; sourceTree = "<group>"; };
		D83D155C2A267533000B70BF /* Base */ = {isa = PBXFileReference; lastKnownFileType = file.xib; name = Base; path = Base.lproj/SafariExtensionViewController.xib; sourceTree = "<group>"; };
		D83D155E2A267533000B70BF /* Info.plist */ = {isa = PBXFileReference; lastKnownFileType = text.plist.xml; path = Info.plist; sourceTree = "<group>"; };
		D83D155F2A267533000B70BF /* SafariExtension.entitlements */ = {isa = PBXFileReference; lastKnownFileType = text.plist.entitlements; path = SafariExtension.entitlements; sourceTree = "<group>"; };
		D83D15692A26793F000B70BF /* ContentView.swift */ = {isa = PBXFileReference; lastKnownFileType = sourcecode.swift; path = ContentView.swift; sourceTree = "<group>"; };
		D83D156B2A267940000B70BF /* HostedContentView.swift */ = {isa = PBXFileReference; lastKnownFileType = sourcecode.swift; path = HostedContentView.swift; sourceTree = "<group>"; };
		D840B0092621042B001E95D1 /* SettingsView.swift */ = {isa = PBXFileReference; fileEncoding = 4; lastKnownFileType = sourcecode.swift; path = SettingsView.swift; sourceTree = "<group>"; };
		D891C450261E32F90024E1A6 /* Bookmarks.app */ = {isa = PBXFileReference; explicitFileType = wrapper.application; includeInIndex = 0; path = Bookmarks.app; sourceTree = BUILT_PRODUCTS_DIR; };
		D891C453261E32F90024E1A6 /* BookmarksApp.swift */ = {isa = PBXFileReference; lastKnownFileType = sourcecode.swift; path = BookmarksApp.swift; sourceTree = "<group>"; };
		D891C457261E32FB0024E1A6 /* Assets.xcassets */ = {isa = PBXFileReference; lastKnownFileType = folder.assetcatalog; path = Assets.xcassets; sourceTree = "<group>"; };
		D891C45A261E32FB0024E1A6 /* Preview Assets.xcassets */ = {isa = PBXFileReference; lastKnownFileType = folder.assetcatalog; path = "Preview Assets.xcassets"; sourceTree = "<group>"; };
		D891C45C261E32FB0024E1A6 /* Info.plist */ = {isa = PBXFileReference; lastKnownFileType = text.plist.xml; path = Info.plist; sourceTree = "<group>"; };
		D891C45D261E32FB0024E1A6 /* Bookmarks.entitlements */ = {isa = PBXFileReference; lastKnownFileType = text.plist.entitlements; path = Bookmarks.entitlements; sourceTree = "<group>"; };
		D891C462261E32FB0024E1A6 /* BookmarksTests.xctest */ = {isa = PBXFileReference; explicitFileType = wrapper.cfbundle; includeInIndex = 0; path = BookmarksTests.xctest; sourceTree = BUILT_PRODUCTS_DIR; };
		D891C466261E32FB0024E1A6 /* BookmarksTests.swift */ = {isa = PBXFileReference; lastKnownFileType = sourcecode.swift; path = BookmarksTests.swift; sourceTree = "<group>"; };
		D891C468261E32FB0024E1A6 /* Info.plist */ = {isa = PBXFileReference; lastKnownFileType = text.plist.xml; path = Info.plist; sourceTree = "<group>"; };
		D891C46D261E32FB0024E1A6 /* BookmarksUITests.xctest */ = {isa = PBXFileReference; explicitFileType = wrapper.cfbundle; includeInIndex = 0; path = BookmarksUITests.xctest; sourceTree = BUILT_PRODUCTS_DIR; };
		D891C471261E32FB0024E1A6 /* BookmarksUITests.swift */ = {isa = PBXFileReference; lastKnownFileType = sourcecode.swift; path = BookmarksUITests.swift; sourceTree = "<group>"; };
		D891C473261E32FB0024E1A6 /* Info.plist */ = {isa = PBXFileReference; lastKnownFileType = text.plist.xml; path = Info.plist; sourceTree = "<group>"; };
		D8A0D75A262015E700C9F190 /* interact */ = {isa = PBXFileReference; lastKnownFileType = folder; name = interact; path = ../interact; sourceTree = "<group>"; };
		D8CD4A6828AB8DB800D57F34 /* SelectableCollectionView */ = {isa = PBXFileReference; lastKnownFileType = wrapper; name = SelectableCollectionView; path = ../SelectableCollectionView; sourceTree = "<group>"; };
		D8CF8C6D261E34A300E52E85 /* BookmarksCore.framework */ = {isa = PBXFileReference; explicitFileType = wrapper.framework; path = BookmarksCore.framework; sourceTree = BUILT_PRODUCTS_DIR; };
		D8CF8CC1261E369D00E52E85 /* BookmarksCore.framework */ = {isa = PBXFileReference; explicitFileType = wrapper.framework; path = BookmarksCore.framework; sourceTree = BUILT_PRODUCTS_DIR; };
		D8ECA5DE2640580E00947EEC /* Release.xcconfig */ = {isa = PBXFileReference; lastKnownFileType = text.xcconfig; path = Release.xcconfig; sourceTree = "<group>"; };
		D8ECA5DF2640582200947EEC /* Common.xcconfig */ = {isa = PBXFileReference; lastKnownFileType = text.xcconfig; path = Common.xcconfig; sourceTree = "<group>"; };
		D8ECA5E02640583900947EEC /* Debug.xcconfig */ = {isa = PBXFileReference; lastKnownFileType = text.xcconfig; path = Debug.xcconfig; sourceTree = "<group>"; };
		D8FF9E9028A75CD70081E57A /* diligence */ = {isa = PBXFileReference; lastKnownFileType = wrapper; name = diligence; path = ../diligence; sourceTree = "<group>"; };
/* End PBXFileReference section */

/* Begin PBXFrameworksBuildPhase section */
		D83D154D2A267533000B70BF /* Frameworks */ = {
			isa = PBXFrameworksBuildPhase;
			buildActionMask = 2147483647;
			files = (
				D83D15682A26782F000B70BF /* BookmarksCore in Frameworks */,
			);
			runOnlyForDeploymentPostprocessing = 0;
		};
		D891C44D261E32F90024E1A6 /* Frameworks */ = {
			isa = PBXFrameworksBuildPhase;
			buildActionMask = 2147483647;
			files = (
				D8D356D32955F06D0020C81C /* BookmarksCore in Frameworks */,
				D8A0D7662620165D00C9F190 /* Interact in Frameworks */,
				D8FF9E9228A75D400081E57A /* Diligence in Frameworks */,
				D8C8584429560700004EB23E /* SelectableCollectionView in Frameworks */,
			);
			runOnlyForDeploymentPostprocessing = 0;
		};
		D891C45F261E32FB0024E1A6 /* Frameworks */ = {
			isa = PBXFrameworksBuildPhase;
			buildActionMask = 2147483647;
			files = (
			);
			runOnlyForDeploymentPostprocessing = 0;
		};
		D891C46A261E32FB0024E1A6 /* Frameworks */ = {
			isa = PBXFrameworksBuildPhase;
			buildActionMask = 2147483647;
			files = (
			);
			runOnlyForDeploymentPostprocessing = 0;
		};
/* End PBXFrameworksBuildPhase section */

/* Begin PBXGroup section */
		D83D15512A267533000B70BF /* SafariExtension */ = {
			isa = PBXGroup;
			children = (
				D83D155F2A267533000B70BF /* SafariExtension.entitlements */,
				D83D155E2A267533000B70BF /* Info.plist */,
				D83D15692A26793F000B70BF /* ContentView.swift */,
				D83D156B2A267940000B70BF /* HostedContentView.swift */,
				D83D15522A267533000B70BF /* SafariExtensionHandler.swift */,
				D83D15542A267533000B70BF /* SafariExtensionViewController.swift */,
				D83D15562A267533000B70BF /* Resources */,
				D83D155B2A267533000B70BF /* SafariExtensionViewController.xib */,
			);
			path = SafariExtension;
			sourceTree = "<group>";
		};
		D83D15562A267533000B70BF /* Resources */ = {
			isa = PBXGroup;
			children = (
				D83D15572A267533000B70BF /* script.js */,
				D83D15592A267533000B70BF /* ToolbarItemIcon.pdf */,
			);
			path = Resources;
			sourceTree = "<group>";
		};
		D891C447261E32F90024E1A6 = {
			isa = PBXGroup;
			children = (
				D8FF9E8F28A75CD70081E57A /* Packages */,
				D8ECA5E02640583900947EEC /* Debug.xcconfig */,
				D8ECA5DE2640580E00947EEC /* Release.xcconfig */,
				D8ECA5DF2640582200947EEC /* Common.xcconfig */,
				D8A0D75A262015E700C9F190 /* interact */,
				D891C452261E32F90024E1A6 /* Bookmarks */,
				D891C465261E32FB0024E1A6 /* BookmarksTests */,
				D891C470261E32FB0024E1A6 /* BookmarksUITests */,
				D83D15512A267533000B70BF /* SafariExtension */,
				D891C451261E32F90024E1A6 /* Products */,
				D8CF8C6C261E34A300E52E85 /* Frameworks */,
			);
			sourceTree = "<group>";
		};
		D891C451261E32F90024E1A6 /* Products */ = {
			isa = PBXGroup;
			children = (
				D891C450261E32F90024E1A6 /* Bookmarks.app */,
				D891C462261E32FB0024E1A6 /* BookmarksTests.xctest */,
				D891C46D261E32FB0024E1A6 /* BookmarksUITests.xctest */,
				D83D15502A267533000B70BF /* Bookmarks for Safari.appex */,
			);
			name = Products;
			sourceTree = "<group>";
		};
		D891C452261E32F90024E1A6 /* Bookmarks */ = {
			isa = PBXGroup;
			children = (
				D891C45D261E32FB0024E1A6 /* Bookmarks.entitlements */,
				D891C45C261E32FB0024E1A6 /* Info.plist */,
				D891C453261E32F90024E1A6 /* BookmarksApp.swift */,
				D891C457261E32FB0024E1A6 /* Assets.xcassets */,
				D891C459261E32FB0024E1A6 /* Preview Content */,
				D8B04B43261F4A1200376ADD /* Views */,
			);
			path = Bookmarks;
			sourceTree = "<group>";
		};
		D891C459261E32FB0024E1A6 /* Preview Content */ = {
			isa = PBXGroup;
			children = (
				D891C45A261E32FB0024E1A6 /* Preview Assets.xcassets */,
			);
			path = "Preview Content";
			sourceTree = "<group>";
		};
		D891C465261E32FB0024E1A6 /* BookmarksTests */ = {
			isa = PBXGroup;
			children = (
				D891C466261E32FB0024E1A6 /* BookmarksTests.swift */,
				D891C468261E32FB0024E1A6 /* Info.plist */,
			);
			path = BookmarksTests;
			sourceTree = "<group>";
		};
		D891C470261E32FB0024E1A6 /* BookmarksUITests */ = {
			isa = PBXGroup;
			children = (
				D891C471261E32FB0024E1A6 /* BookmarksUITests.swift */,
				D891C473261E32FB0024E1A6 /* Info.plist */,
			);
			path = BookmarksUITests;
			sourceTree = "<group>";
		};
		D8B04B43261F4A1200376ADD /* Views */ = {
			isa = PBXGroup;
			children = (
				D840B0092621042B001E95D1 /* SettingsView.swift */,
			);
			path = Views;
			sourceTree = "<group>";
		};
		D8CF8C6C261E34A300E52E85 /* Frameworks */ = {
			isa = PBXGroup;
			children = (
				D8CF8CC1261E369D00E52E85 /* BookmarksCore.framework */,
				D8CF8C6D261E34A300E52E85 /* BookmarksCore.framework */,
			);
			name = Frameworks;
			sourceTree = "<group>";
		};
		D8FF9E8F28A75CD70081E57A /* Packages */ = {
			isa = PBXGroup;
			children = (
				D8FF9E9028A75CD70081E57A /* diligence */,
				D8CD4A6828AB8DB800D57F34 /* SelectableCollectionView */,
			);
			name = Packages;
			sourceTree = "<group>";
		};
/* End PBXGroup section */

/* Begin PBXNativeTarget section */
		D83D154F2A267533000B70BF /* Bookmarks for Safari */ = {
			isa = PBXNativeTarget;
			buildConfigurationList = D83D15662A267533000B70BF /* Build configuration list for PBXNativeTarget "Bookmarks for Safari" */;
			buildPhases = (
				D83D154C2A267533000B70BF /* Sources */,
				D83D154D2A267533000B70BF /* Frameworks */,
				D83D154E2A267533000B70BF /* Resources */,
			);
			buildRules = (
			);
			dependencies = (
			);
			name = "Bookmarks for Safari";
			packageProductDependencies = (
				D83D15672A26782F000B70BF /* BookmarksCore */,
			);
			productName = SafariExtension;
			productReference = D83D15502A267533000B70BF /* Bookmarks for Safari.appex */;
			productType = "com.apple.product-type.app-extension";
		};
		D891C44F261E32F90024E1A6 /* Bookmarks */ = {
			isa = PBXNativeTarget;
			buildConfigurationList = D891C476261E32FB0024E1A6 /* Build configuration list for PBXNativeTarget "Bookmarks" */;
			buildPhases = (
				D891C44C261E32F90024E1A6 /* Sources */,
				D891C44D261E32F90024E1A6 /* Frameworks */,
				D891C44E261E32F90024E1A6 /* Resources */,
				D83D15632A267533000B70BF /* Embed Foundation Extensions */,
			);
			buildRules = (
			);
			dependencies = (
				D83D15612A267533000B70BF /* PBXTargetDependency */,
			);
			name = Bookmarks;
			packageProductDependencies = (
				D8A0D7652620165D00C9F190 /* Interact */,
				D8FF9E9128A75D400081E57A /* Diligence */,
				D8D356D22955F06D0020C81C /* BookmarksCore */,
				D8C8584329560700004EB23E /* SelectableCollectionView */,
			);
			productName = Bookmarks;
			productReference = D891C450261E32F90024E1A6 /* Bookmarks.app */;
			productType = "com.apple.product-type.application";
		};
		D891C461261E32FB0024E1A6 /* BookmarksTests */ = {
			isa = PBXNativeTarget;
			buildConfigurationList = D891C479261E32FB0024E1A6 /* Build configuration list for PBXNativeTarget "BookmarksTests" */;
			buildPhases = (
				D891C45E261E32FB0024E1A6 /* Sources */,
				D891C45F261E32FB0024E1A6 /* Frameworks */,
				D891C460261E32FB0024E1A6 /* Resources */,
			);
			buildRules = (
			);
			dependencies = (
				D891C464261E32FB0024E1A6 /* PBXTargetDependency */,
			);
			name = BookmarksTests;
			productName = BookmarksTests;
			productReference = D891C462261E32FB0024E1A6 /* BookmarksTests.xctest */;
			productType = "com.apple.product-type.bundle.unit-test";
		};
		D891C46C261E32FB0024E1A6 /* BookmarksUITests */ = {
			isa = PBXNativeTarget;
			buildConfigurationList = D891C47C261E32FB0024E1A6 /* Build configuration list for PBXNativeTarget "BookmarksUITests" */;
			buildPhases = (
				D891C469261E32FB0024E1A6 /* Sources */,
				D891C46A261E32FB0024E1A6 /* Frameworks */,
				D891C46B261E32FB0024E1A6 /* Resources */,
			);
			buildRules = (
			);
			dependencies = (
				D891C46F261E32FB0024E1A6 /* PBXTargetDependency */,
			);
			name = BookmarksUITests;
			productName = BookmarksUITests;
			productReference = D891C46D261E32FB0024E1A6 /* BookmarksUITests.xctest */;
			productType = "com.apple.product-type.bundle.ui-testing";
		};
/* End PBXNativeTarget section */

/* Begin PBXProject section */
		D891C448261E32F90024E1A6 /* Project object */ = {
			isa = PBXProject;
			attributes = {
				BuildIndependentTargetsInParallel = YES;
				LastSwiftUpdateCheck = 1430;
				LastUpgradeCheck = 1430;
				TargetAttributes = {
					D83D154F2A267533000B70BF = {
						CreatedOnToolsVersion = 14.3;
					};
					D891C44F261E32F90024E1A6 = {
						CreatedOnToolsVersion = 12.4;
					};
					D891C461261E32FB0024E1A6 = {
						CreatedOnToolsVersion = 12.4;
						TestTargetID = D891C44F261E32F90024E1A6;
					};
					D891C46C261E32FB0024E1A6 = {
						CreatedOnToolsVersion = 12.4;
						TestTargetID = D891C44F261E32F90024E1A6;
					};
				};
			};
			buildConfigurationList = D891C44B261E32F90024E1A6 /* Build configuration list for PBXProject "Bookmarks-macOS" */;
			compatibilityVersion = "Xcode 9.3";
			developmentRegion = en;
			hasScannedForEncodings = 0;
			knownRegions = (
				en,
				Base,
			);
			mainGroup = D891C447261E32F90024E1A6;
			productRefGroup = D891C451261E32F90024E1A6 /* Products */;
			projectDirPath = "";
			projectRoot = "";
			targets = (
				D891C44F261E32F90024E1A6 /* Bookmarks */,
				D891C461261E32FB0024E1A6 /* BookmarksTests */,
				D891C46C261E32FB0024E1A6 /* BookmarksUITests */,
				D83D154F2A267533000B70BF /* Bookmarks for Safari */,
			);
		};
/* End PBXProject section */

/* Begin PBXResourcesBuildPhase section */
		D83D154E2A267533000B70BF /* Resources */ = {
			isa = PBXResourcesBuildPhase;
			buildActionMask = 2147483647;
			files = (
				D83D155D2A267533000B70BF /* SafariExtensionViewController.xib in Resources */,
				D83D155A2A267533000B70BF /* ToolbarItemIcon.pdf in Resources */,
				D83D15582A267533000B70BF /* script.js in Resources */,
			);
			runOnlyForDeploymentPostprocessing = 0;
		};
		D891C44E261E32F90024E1A6 /* Resources */ = {
			isa = PBXResourcesBuildPhase;
			buildActionMask = 2147483647;
			files = (
				D891C45B261E32FB0024E1A6 /* Preview Assets.xcassets in Resources */,
				D891C458261E32FB0024E1A6 /* Assets.xcassets in Resources */,
			);
			runOnlyForDeploymentPostprocessing = 0;
		};
		D891C460261E32FB0024E1A6 /* Resources */ = {
			isa = PBXResourcesBuildPhase;
			buildActionMask = 2147483647;
			files = (
			);
			runOnlyForDeploymentPostprocessing = 0;
		};
		D891C46B261E32FB0024E1A6 /* Resources */ = {
			isa = PBXResourcesBuildPhase;
			buildActionMask = 2147483647;
			files = (
			);
			runOnlyForDeploymentPostprocessing = 0;
		};
/* End PBXResourcesBuildPhase section */

/* Begin PBXSourcesBuildPhase section */
		D83D154C2A267533000B70BF /* Sources */ = {
			isa = PBXSourcesBuildPhase;
			buildActionMask = 2147483647;
			files = (
				D83D156E2A267A12000B70BF /* HostedContentView.swift in Sources */,
				D83D15552A267533000B70BF /* SafariExtensionViewController.swift in Sources */,
				D83D156D2A267A0F000B70BF /* ContentView.swift in Sources */,
				D83D15532A267533000B70BF /* SafariExtensionHandler.swift in Sources */,
			);
			runOnlyForDeploymentPostprocessing = 0;
		};
		D891C44C261E32F90024E1A6 /* Sources */ = {
			isa = PBXSourcesBuildPhase;
			buildActionMask = 2147483647;
			files = (
				D840B00A2621042B001E95D1 /* SettingsView.swift in Sources */,
				D891C454261E32F90024E1A6 /* BookmarksApp.swift in Sources */,
			);
			runOnlyForDeploymentPostprocessing = 0;
		};
		D891C45E261E32FB0024E1A6 /* Sources */ = {
			isa = PBXSourcesBuildPhase;
			buildActionMask = 2147483647;
			files = (
				D891C467261E32FB0024E1A6 /* BookmarksTests.swift in Sources */,
			);
			runOnlyForDeploymentPostprocessing = 0;
		};
		D891C469261E32FB0024E1A6 /* Sources */ = {
			isa = PBXSourcesBuildPhase;
			buildActionMask = 2147483647;
			files = (
				D891C472261E32FB0024E1A6 /* BookmarksUITests.swift in Sources */,
			);
			runOnlyForDeploymentPostprocessing = 0;
		};
/* End PBXSourcesBuildPhase section */

/* Begin PBXTargetDependency section */
		D83D15612A267533000B70BF /* PBXTargetDependency */ = {
			isa = PBXTargetDependency;
			target = D83D154F2A267533000B70BF /* Bookmarks for Safari */;
			targetProxy = D83D15602A267533000B70BF /* PBXContainerItemProxy */;
		};
		D891C464261E32FB0024E1A6 /* PBXTargetDependency */ = {
			isa = PBXTargetDependency;
			target = D891C44F261E32F90024E1A6 /* Bookmarks */;
			targetProxy = D891C463261E32FB0024E1A6 /* PBXContainerItemProxy */;
		};
		D891C46F261E32FB0024E1A6 /* PBXTargetDependency */ = {
			isa = PBXTargetDependency;
			target = D891C44F261E32F90024E1A6 /* Bookmarks */;
			targetProxy = D891C46E261E32FB0024E1A6 /* PBXContainerItemProxy */;
		};
/* End PBXTargetDependency section */

/* Begin PBXVariantGroup section */
		D83D155B2A267533000B70BF /* SafariExtensionViewController.xib */ = {
			isa = PBXVariantGroup;
			children = (
				D83D155C2A267533000B70BF /* Base */,
			);
			name = SafariExtensionViewController.xib;
			sourceTree = "<group>";
		};
/* End PBXVariantGroup section */

/* Begin XCBuildConfiguration section */
		D83D15642A267533000B70BF /* Debug */ = {
			isa = XCBuildConfiguration;
			buildSettings = {
				CLANG_CXX_LANGUAGE_STANDARD = "gnu++20";
				CODE_SIGN_ENTITLEMENTS = SafariExtension/SafariExtension.entitlements;
				CODE_SIGN_STYLE = Automatic;
				CURRENT_PROJECT_VERSION = $BUILD_NUMBER;
				DEAD_CODE_STRIPPING = YES;
				DEVELOPMENT_TEAM = S4WXAUZQEV;
				ENABLE_HARDENED_RUNTIME = YES;
				GENERATE_INFOPLIST_FILE = YES;
				INFOPLIST_FILE = SafariExtension/Info.plist;
				INFOPLIST_KEY_CFBundleDisplayName = "Bookmarks for Safari";
				INFOPLIST_KEY_NSHumanReadableCopyright = "Copyright © 2020-2024 InSeven Limited. All rights reserved.";
				LD_RUNPATH_SEARCH_PATHS = (
					"$(inherited)",
					"@executable_path/../Frameworks",
					"@executable_path/../../../../Frameworks",
				);
				MACOSX_DEPLOYMENT_TARGET = 13.3;
				MARKETING_VERSION = 0.0.0;
				OTHER_LDFLAGS = (
					"-framework",
					SafariServices,
				);
				PRODUCT_BUNDLE_IDENTIFIER = uk.co.inseven.bookmarks.new.SafariExtension;
				PRODUCT_NAME = "$(TARGET_NAME)";
				SKIP_INSTALL = YES;
				SWIFT_EMIT_LOC_STRINGS = YES;
				SWIFT_VERSION = 5.0;
			};
			name = Debug;
		};
		D83D15652A267533000B70BF /* Release */ = {
			isa = XCBuildConfiguration;
			buildSettings = {
				CLANG_CXX_LANGUAGE_STANDARD = "gnu++20";
				CODE_SIGN_ENTITLEMENTS = SafariExtension/SafariExtension.entitlements;
				"CODE_SIGN_IDENTITY[sdk=macosx*]" = "3rd Party Mac Developer Application";
				CODE_SIGN_STYLE = Manual;
				CURRENT_PROJECT_VERSION = $BUILD_NUMBER;
				DEAD_CODE_STRIPPING = YES;
				DEVELOPMENT_TEAM = "";
				"DEVELOPMENT_TEAM[sdk=macosx*]" = S4WXAUZQEV;
				ENABLE_HARDENED_RUNTIME = YES;
				GENERATE_INFOPLIST_FILE = YES;
				INFOPLIST_FILE = SafariExtension/Info.plist;
				INFOPLIST_KEY_CFBundleDisplayName = "Bookmarks for Safari";
				INFOPLIST_KEY_NSHumanReadableCopyright = "Copyright © 2020-2024 InSeven Limited. All rights reserved.";
				LD_RUNPATH_SEARCH_PATHS = (
					"$(inherited)",
					"@executable_path/../Frameworks",
					"@executable_path/../../../../Frameworks",
				);
				MACOSX_DEPLOYMENT_TARGET = 13.3;
				MARKETING_VERSION = 0.0.0;
				OTHER_LDFLAGS = (
					"-framework",
					SafariServices,
				);
				PRODUCT_BUNDLE_IDENTIFIER = uk.co.inseven.bookmarks.new.SafariExtension;
				PRODUCT_NAME = "$(TARGET_NAME)";
				PROVISIONING_PROFILE_SPECIFIER = "";
				"PROVISIONING_PROFILE_SPECIFIER[sdk=macosx*]" = "Bookmarks for Safari Mac App Store Profile";
				SKIP_INSTALL = YES;
				SWIFT_EMIT_LOC_STRINGS = YES;
				SWIFT_VERSION = 5.0;
			};
			name = Release;
		};
		D891C474261E32FB0024E1A6 /* Debug */ = {
			isa = XCBuildConfiguration;
			baseConfigurationReference = D8ECA5E02640583900947EEC /* Debug.xcconfig */;
			buildSettings = {
				ALWAYS_SEARCH_USER_PATHS = NO;
				CLANG_ANALYZER_NONNULL = YES;
				CLANG_ANALYZER_NUMBER_OBJECT_CONVERSION = YES_AGGRESSIVE;
				CLANG_CXX_LANGUAGE_STANDARD = "gnu++14";
				CLANG_CXX_LIBRARY = "libc++";
				CLANG_ENABLE_MODULES = YES;
				CLANG_ENABLE_OBJC_ARC = YES;
				CLANG_ENABLE_OBJC_WEAK = YES;
				CLANG_WARN_BLOCK_CAPTURE_AUTORELEASING = YES;
				CLANG_WARN_BOOL_CONVERSION = YES;
				CLANG_WARN_COMMA = YES;
				CLANG_WARN_CONSTANT_CONVERSION = YES;
				CLANG_WARN_DEPRECATED_OBJC_IMPLEMENTATIONS = YES;
				CLANG_WARN_DIRECT_OBJC_ISA_USAGE = YES_ERROR;
				CLANG_WARN_DOCUMENTATION_COMMENTS = YES;
				CLANG_WARN_EMPTY_BODY = YES;
				CLANG_WARN_ENUM_CONVERSION = YES;
				CLANG_WARN_INFINITE_RECURSION = YES;
				CLANG_WARN_INT_CONVERSION = YES;
				CLANG_WARN_NON_LITERAL_NULL_CONVERSION = YES;
				CLANG_WARN_OBJC_IMPLICIT_RETAIN_SELF = YES;
				CLANG_WARN_OBJC_LITERAL_CONVERSION = YES;
				CLANG_WARN_OBJC_ROOT_CLASS = YES_ERROR;
				CLANG_WARN_QUOTED_INCLUDE_IN_FRAMEWORK_HEADER = YES;
				CLANG_WARN_RANGE_LOOP_ANALYSIS = YES;
				CLANG_WARN_STRICT_PROTOTYPES = YES;
				CLANG_WARN_SUSPICIOUS_MOVE = YES;
				CLANG_WARN_UNGUARDED_AVAILABILITY = YES_AGGRESSIVE;
				CLANG_WARN_UNREACHABLE_CODE = YES;
				CLANG_WARN__DUPLICATE_METHOD_MATCH = YES;
				CODE_SIGN_IDENTITY = "Apple Development";
				COPY_PHASE_STRIP = NO;
				DEAD_CODE_STRIPPING = YES;
				DEBUG_INFORMATION_FORMAT = dwarf;
				DEVELOPMENT_TEAM = S4WXAUZQEV;
				ENABLE_STRICT_OBJC_MSGSEND = YES;
				ENABLE_TESTABILITY = YES;
				GCC_C_LANGUAGE_STANDARD = gnu11;
				GCC_DYNAMIC_NO_PIC = NO;
				GCC_NO_COMMON_BLOCKS = YES;
				GCC_OPTIMIZATION_LEVEL = 0;
				GCC_PREPROCESSOR_DEFINITIONS = (
					"DEBUG=1",
					"$(inherited)",
				);
				GCC_TREAT_WARNINGS_AS_ERRORS = YES;
				GCC_WARN_64_TO_32_BIT_CONVERSION = YES;
				GCC_WARN_ABOUT_RETURN_TYPE = YES_ERROR;
				GCC_WARN_UNDECLARED_SELECTOR = YES;
				GCC_WARN_UNINITIALIZED_AUTOS = YES_AGGRESSIVE;
				GCC_WARN_UNUSED_FUNCTION = YES;
				GCC_WARN_UNUSED_VARIABLE = YES;
				MACOSX_DEPLOYMENT_TARGET = 13.0;
				MTL_ENABLE_DEBUG_INFO = INCLUDE_SOURCE;
				MTL_FAST_MATH = YES;
				ONLY_ACTIVE_ARCH = YES;
				SDKROOT = macosx;
				SWIFT_ACTIVE_COMPILATION_CONDITIONS = DEBUG;
				SWIFT_OPTIMIZATION_LEVEL = "-Onone";
				SWIFT_TREAT_WARNINGS_AS_ERRORS = YES;
			};
			name = Debug;
		};
		D891C475261E32FB0024E1A6 /* Release */ = {
			isa = XCBuildConfiguration;
			baseConfigurationReference = D8ECA5DE2640580E00947EEC /* Release.xcconfig */;
			buildSettings = {
				ALWAYS_SEARCH_USER_PATHS = NO;
				CLANG_ANALYZER_NONNULL = YES;
				CLANG_ANALYZER_NUMBER_OBJECT_CONVERSION = YES_AGGRESSIVE;
				CLANG_CXX_LANGUAGE_STANDARD = "gnu++14";
				CLANG_CXX_LIBRARY = "libc++";
				CLANG_ENABLE_MODULES = YES;
				CLANG_ENABLE_OBJC_ARC = YES;
				CLANG_ENABLE_OBJC_WEAK = YES;
				CLANG_WARN_BLOCK_CAPTURE_AUTORELEASING = YES;
				CLANG_WARN_BOOL_CONVERSION = YES;
				CLANG_WARN_COMMA = YES;
				CLANG_WARN_CONSTANT_CONVERSION = YES;
				CLANG_WARN_DEPRECATED_OBJC_IMPLEMENTATIONS = YES;
				CLANG_WARN_DIRECT_OBJC_ISA_USAGE = YES_ERROR;
				CLANG_WARN_DOCUMENTATION_COMMENTS = YES;
				CLANG_WARN_EMPTY_BODY = YES;
				CLANG_WARN_ENUM_CONVERSION = YES;
				CLANG_WARN_INFINITE_RECURSION = YES;
				CLANG_WARN_INT_CONVERSION = YES;
				CLANG_WARN_NON_LITERAL_NULL_CONVERSION = YES;
				CLANG_WARN_OBJC_IMPLICIT_RETAIN_SELF = YES;
				CLANG_WARN_OBJC_LITERAL_CONVERSION = YES;
				CLANG_WARN_OBJC_ROOT_CLASS = YES_ERROR;
				CLANG_WARN_QUOTED_INCLUDE_IN_FRAMEWORK_HEADER = YES;
				CLANG_WARN_RANGE_LOOP_ANALYSIS = YES;
				CLANG_WARN_STRICT_PROTOTYPES = YES;
				CLANG_WARN_SUSPICIOUS_MOVE = YES;
				CLANG_WARN_UNGUARDED_AVAILABILITY = YES_AGGRESSIVE;
				CLANG_WARN_UNREACHABLE_CODE = YES;
				CLANG_WARN__DUPLICATE_METHOD_MATCH = YES;
				CODE_SIGN_IDENTITY = "Apple Distribution";
				COPY_PHASE_STRIP = NO;
				DEAD_CODE_STRIPPING = YES;
				DEBUG_INFORMATION_FORMAT = "dwarf-with-dsym";
				DEVELOPMENT_TEAM = S4WXAUZQEV;
				ENABLE_NS_ASSERTIONS = NO;
				ENABLE_STRICT_OBJC_MSGSEND = YES;
				GCC_C_LANGUAGE_STANDARD = gnu11;
				GCC_NO_COMMON_BLOCKS = YES;
				GCC_TREAT_WARNINGS_AS_ERRORS = YES;
				GCC_WARN_64_TO_32_BIT_CONVERSION = YES;
				GCC_WARN_ABOUT_RETURN_TYPE = YES_ERROR;
				GCC_WARN_UNDECLARED_SELECTOR = YES;
				GCC_WARN_UNINITIALIZED_AUTOS = YES_AGGRESSIVE;
				GCC_WARN_UNUSED_FUNCTION = YES;
				GCC_WARN_UNUSED_VARIABLE = YES;
				MACOSX_DEPLOYMENT_TARGET = 13.0;
				MTL_ENABLE_DEBUG_INFO = NO;
				MTL_FAST_MATH = YES;
				SDKROOT = macosx;
				SWIFT_COMPILATION_MODE = wholemodule;
				SWIFT_OPTIMIZATION_LEVEL = "-O";
				SWIFT_TREAT_WARNINGS_AS_ERRORS = YES;
			};
			name = Release;
		};
		D891C477261E32FB0024E1A6 /* Debug */ = {
			isa = XCBuildConfiguration;
			buildSettings = {
				ALWAYS_EMBED_SWIFT_STANDARD_LIBRARIES = YES;
				ASSETCATALOG_COMPILER_APPICON_NAME = AppIcon;
				ASSETCATALOG_COMPILER_GLOBAL_ACCENT_COLOR_NAME = AccentColor;
				CODE_SIGN_ENTITLEMENTS = Bookmarks/Bookmarks.entitlements;
				CODE_SIGN_STYLE = Automatic;
				COMBINE_HIDPI_IMAGES = YES;
				CURRENT_PROJECT_VERSION = $BUILD_NUMBER;
				DEAD_CODE_STRIPPING = YES;
				DEVELOPMENT_ASSET_PATHS = "\"Bookmarks/Preview Content\"";
				DEVELOPMENT_TEAM = S4WXAUZQEV;
				ENABLE_HARDENED_RUNTIME = YES;
				ENABLE_PREVIEWS = YES;
				INFOPLIST_FILE = Bookmarks/Info.plist;
				LD_RUNPATH_SEARCH_PATHS = (
					"$(inherited)",
					"@executable_path/../Frameworks",
				);
				MARKETING_VERSION = 0.0.0;
				PRODUCT_BUNDLE_IDENTIFIER = uk.co.inseven.bookmarks.new;
				PRODUCT_NAME = "$(TARGET_NAME)";
				PROVISIONING_PROFILE_SPECIFIER = "";
				SWIFT_VERSION = 5.0;
			};
			name = Debug;
		};
		D891C478261E32FB0024E1A6 /* Release */ = {
			isa = XCBuildConfiguration;
			buildSettings = {
				ALWAYS_EMBED_SWIFT_STANDARD_LIBRARIES = YES;
				ASSETCATALOG_COMPILER_APPICON_NAME = AppIcon;
				ASSETCATALOG_COMPILER_GLOBAL_ACCENT_COLOR_NAME = AccentColor;
				CODE_SIGN_ENTITLEMENTS = Bookmarks/Bookmarks.entitlements;
				"CODE_SIGN_IDENTITY[sdk=macosx*]" = "3rd Party Mac Developer Application";
				CODE_SIGN_STYLE = Manual;
				COMBINE_HIDPI_IMAGES = YES;
				CURRENT_PROJECT_VERSION = $BUILD_NUMBER;
				DEAD_CODE_STRIPPING = YES;
				DEVELOPMENT_ASSET_PATHS = "\"Bookmarks/Preview Content\"";
				DEVELOPMENT_TEAM = S4WXAUZQEV;
				"DEVELOPMENT_TEAM[sdk=macosx*]" = S4WXAUZQEV;
				ENABLE_HARDENED_RUNTIME = YES;
				ENABLE_PREVIEWS = YES;
				INFOPLIST_FILE = Bookmarks/Info.plist;
				LD_RUNPATH_SEARCH_PATHS = (
					"$(inherited)",
					"@executable_path/../Frameworks",
				);
				MARKETING_VERSION = 0.0.0;
				PRODUCT_BUNDLE_IDENTIFIER = uk.co.inseven.bookmarks.new;
				PRODUCT_NAME = "$(TARGET_NAME)";
				PROVISIONING_PROFILE_SPECIFIER = "Bookmarks macOS App Store Profile";
				"PROVISIONING_PROFILE_SPECIFIER[sdk=macosx*]" = "Bookmarks Mac App Store Profile";
				SWIFT_VERSION = 5.0;
			};
			name = Release;
		};
		D891C47A261E32FB0024E1A6 /* Debug */ = {
			isa = XCBuildConfiguration;
			buildSettings = {
				ALWAYS_EMBED_SWIFT_STANDARD_LIBRARIES = YES;
				BUNDLE_LOADER = "$(TEST_HOST)";
				CODE_SIGN_STYLE = Automatic;
				COMBINE_HIDPI_IMAGES = YES;
				DEAD_CODE_STRIPPING = YES;
				DEVELOPMENT_TEAM = S4WXAUZQEV;
				INFOPLIST_FILE = BookmarksTests/Info.plist;
				LD_RUNPATH_SEARCH_PATHS = (
					"$(inherited)",
					"@executable_path/../Frameworks",
					"@loader_path/../Frameworks",
				);
				PRODUCT_BUNDLE_IDENTIFIER = uk.co.inseven.BookmarksTests;
				PRODUCT_NAME = "$(TARGET_NAME)";
				SWIFT_VERSION = 5.0;
				TEST_HOST = "$(BUILT_PRODUCTS_DIR)/Bookmarks.app/Contents/MacOS/Bookmarks";
			};
			name = Debug;
		};
		D891C47B261E32FB0024E1A6 /* Release */ = {
			isa = XCBuildConfiguration;
			buildSettings = {
				ALWAYS_EMBED_SWIFT_STANDARD_LIBRARIES = YES;
				BUNDLE_LOADER = "$(TEST_HOST)";
				CODE_SIGN_STYLE = Automatic;
				COMBINE_HIDPI_IMAGES = YES;
				DEAD_CODE_STRIPPING = YES;
				DEVELOPMENT_TEAM = S4WXAUZQEV;
				INFOPLIST_FILE = BookmarksTests/Info.plist;
				LD_RUNPATH_SEARCH_PATHS = (
					"$(inherited)",
					"@executable_path/../Frameworks",
					"@loader_path/../Frameworks",
				);
				PRODUCT_BUNDLE_IDENTIFIER = uk.co.inseven.BookmarksTests;
				PRODUCT_NAME = "$(TARGET_NAME)";
				SWIFT_VERSION = 5.0;
				TEST_HOST = "$(BUILT_PRODUCTS_DIR)/Bookmarks.app/Contents/MacOS/Bookmarks";
			};
			name = Release;
		};
		D891C47D261E32FB0024E1A6 /* Debug */ = {
			isa = XCBuildConfiguration;
			buildSettings = {
				ALWAYS_EMBED_SWIFT_STANDARD_LIBRARIES = YES;
				ASSETCATALOG_COMPILER_APPICON_NAME = AppIcon;
				CODE_SIGN_STYLE = Automatic;
				COMBINE_HIDPI_IMAGES = YES;
				DEAD_CODE_STRIPPING = YES;
				DEVELOPMENT_TEAM = S4WXAUZQEV;
				INFOPLIST_FILE = BookmarksUITests/Info.plist;
				LD_RUNPATH_SEARCH_PATHS = (
					"$(inherited)",
					"@executable_path/../Frameworks",
					"@loader_path/../Frameworks",
				);
				PRODUCT_BUNDLE_IDENTIFIER = uk.co.inseven.BookmarksUITests;
				PRODUCT_NAME = "$(TARGET_NAME)";
				SWIFT_VERSION = 5.0;
				TEST_TARGET_NAME = Bookmarks;
			};
			name = Debug;
		};
		D891C47E261E32FB0024E1A6 /* Release */ = {
			isa = XCBuildConfiguration;
			buildSettings = {
				ALWAYS_EMBED_SWIFT_STANDARD_LIBRARIES = YES;
				ASSETCATALOG_COMPILER_APPICON_NAME = AppIcon;
				CODE_SIGN_STYLE = Automatic;
				COMBINE_HIDPI_IMAGES = YES;
				DEAD_CODE_STRIPPING = YES;
				DEVELOPMENT_TEAM = S4WXAUZQEV;
				INFOPLIST_FILE = BookmarksUITests/Info.plist;
				LD_RUNPATH_SEARCH_PATHS = (
					"$(inherited)",
					"@executable_path/../Frameworks",
					"@loader_path/../Frameworks",
				);
				PRODUCT_BUNDLE_IDENTIFIER = uk.co.inseven.BookmarksUITests;
				PRODUCT_NAME = "$(TARGET_NAME)";
				SWIFT_VERSION = 5.0;
				TEST_TARGET_NAME = Bookmarks;
			};
			name = Release;
		};
/* End XCBuildConfiguration section */

/* Begin XCConfigurationList section */
		D83D15662A267533000B70BF /* Build configuration list for PBXNativeTarget "Bookmarks for Safari" */ = {
			isa = XCConfigurationList;
			buildConfigurations = (
				D83D15642A267533000B70BF /* Debug */,
				D83D15652A267533000B70BF /* Release */,
			);
			defaultConfigurationIsVisible = 0;
			defaultConfigurationName = Release;
		};
		D891C44B261E32F90024E1A6 /* Build configuration list for PBXProject "Bookmarks-macOS" */ = {
			isa = XCConfigurationList;
			buildConfigurations = (
				D891C474261E32FB0024E1A6 /* Debug */,
				D891C475261E32FB0024E1A6 /* Release */,
			);
			defaultConfigurationIsVisible = 0;
			defaultConfigurationName = Release;
		};
		D891C476261E32FB0024E1A6 /* Build configuration list for PBXNativeTarget "Bookmarks" */ = {
			isa = XCConfigurationList;
			buildConfigurations = (
				D891C477261E32FB0024E1A6 /* Debug */,
				D891C478261E32FB0024E1A6 /* Release */,
			);
			defaultConfigurationIsVisible = 0;
			defaultConfigurationName = Release;
		};
		D891C479261E32FB0024E1A6 /* Build configuration list for PBXNativeTarget "BookmarksTests" */ = {
			isa = XCConfigurationList;
			buildConfigurations = (
				D891C47A261E32FB0024E1A6 /* Debug */,
				D891C47B261E32FB0024E1A6 /* Release */,
			);
			defaultConfigurationIsVisible = 0;
			defaultConfigurationName = Release;
		};
		D891C47C261E32FB0024E1A6 /* Build configuration list for PBXNativeTarget "BookmarksUITests" */ = {
			isa = XCConfigurationList;
			buildConfigurations = (
				D891C47D261E32FB0024E1A6 /* Debug */,
				D891C47E261E32FB0024E1A6 /* Release */,
			);
			defaultConfigurationIsVisible = 0;
			defaultConfigurationName = Release;
		};
/* End XCConfigurationList section */

/* Begin XCSwiftPackageProductDependency section */
		D83D15672A26782F000B70BF /* BookmarksCore */ = {
			isa = XCSwiftPackageProductDependency;
			productName = BookmarksCore;
		};
		D8A0D7652620165D00C9F190 /* Interact */ = {
			isa = XCSwiftPackageProductDependency;
			productName = Interact;
		};
		D8C8584329560700004EB23E /* SelectableCollectionView */ = {
			isa = XCSwiftPackageProductDependency;
			productName = SelectableCollectionView;
		};
		D8D356D22955F06D0020C81C /* BookmarksCore */ = {
			isa = XCSwiftPackageProductDependency;
			productName = BookmarksCore;
		};
		D8FF9E9128A75D400081E57A /* Diligence */ = {
			isa = XCSwiftPackageProductDependency;
			productName = Diligence;
		};
/* End XCSwiftPackageProductDependency section */
	};
	rootObject = D891C448261E32F90024E1A6 /* Project object */;
}
